Microsoft Visual Studio Solution File, Format Version 12.00
# Visual Studio Version 18
VisualStudioVersion = 18.0.11104.47
MinimumVisualStudioVersion = 10.0.40219.1
Project("{2150E333-8FDC-42A3-9474-1A3956D46DE8}") = "_Solution items", "_Solution items", "{A57F383F-3564-434E-A174-EDB74E55ED67}"
	ProjectSection(SolutionItems) = preProject
		src\ProjectFiles\project.tt = src\ProjectFiles\project.tt
		README.md = README.md
		readme.txt = readme.txt
	EndProjectSection
EndProject
Project("{2150E333-8FDC-42A3-9474-1A3956D46DE8}") = "Application.DTO", "Application.DTO", "{656583D2-89F7-4279-95D2-04718F5E0185}"
	ProjectSection(SolutionItems) = preProject
		src\ProjectFiles\Application.DTO\ListiningsDTO.tt = src\ProjectFiles\Application.DTO\ListiningsDTO.tt
		src\ProjectFiles\Application.DTO\RequestsDTO.tt = src\ProjectFiles\Application.DTO\RequestsDTO.tt
		src\ProjectFiles\Application.DTO\SteppableRequestsDTO.tt = src\ProjectFiles\Application.DTO\SteppableRequestsDTO.tt
		src\ProjectFiles\Application.DTO\SteppableRequestsValidators.tt = src\ProjectFiles\Application.DTO\SteppableRequestsValidators.tt
	EndProjectSection
EndProject
Project("{2150E333-8FDC-42A3-9474-1A3956D46DE8}") = "Infra.Data", "Infra.Data", "{208F3BAD-81F5-4FDB-A0A1-41FF30001A4C}"
	ProjectSection(SolutionItems) = preProject
		src\ProjectFiles\Infra.Data\IdentityContext.tt = src\ProjectFiles\Infra.Data\IdentityContext.tt
		src\ProjectFiles\Infra.Data\Mappings.tt = src\ProjectFiles\Infra.Data\Mappings.tt
		src\ProjectFiles\Infra.Data\Respositories.tt = src\ProjectFiles\Infra.Data\Respositories.tt
	EndProjectSection
EndProject
Project("{2150E333-8FDC-42A3-9474-1A3956D46DE8}") = "Domain", "Domain", "{54BCA428-9201-4B2C-AD05-F0694AC9A03A}"
	ProjectSection(SolutionItems) = preProject
		src\ProjectFiles\Domain\DomainCommandHandlers.tt = src\ProjectFiles\Domain\DomainCommandHandlers.tt
		src\ProjectFiles\Domain\DomainCommandModels.tt = src\ProjectFiles\Domain\DomainCommandModels.tt
		src\ProjectFiles\Domain\DomainEventHandlers.tt = src\ProjectFiles\Domain\DomainEventHandlers.tt
		src\ProjectFiles\Domain\DomainEventModels.tt = src\ProjectFiles\Domain\DomainEventModels.tt
		src\ProjectFiles\Domain\Filters.tt = src\ProjectFiles\Domain\Filters.tt
		src\ProjectFiles\Domain\IRespositories.tt = src\ProjectFiles\Domain\IRespositories.tt
		src\ProjectFiles\Domain\ProfilesListiningMapping.tt = src\ProjectFiles\Domain\ProfilesListiningMapping.tt
		src\ProjectFiles\Domain\ProfilesMapping.tt = src\ProjectFiles\Domain\ProfilesMapping.tt
		src\ProjectFiles\Domain\QueryModels.tt = src\ProjectFiles\Domain\QueryModels.tt
		src\ProjectFiles\Domain\SpecificationItem.tt = src\ProjectFiles\Domain\SpecificationItem.tt
		src\ProjectFiles\Domain\Specifications.tt = src\ProjectFiles\Domain\Specifications.tt
		src\ProjectFiles\Domain\SpecificationSubItem.tt = src\ProjectFiles\Domain\SpecificationSubItem.tt
	EndProjectSection
EndProject
Project("{2150E333-8FDC-42A3-9474-1A3956D46DE8}") = "Infra.IoC", "Infra.IoC", "{74647F2E-A2FF-4F77-BE23-DAAB2A004FFA}"
	ProjectSection(SolutionItems) = preProject
		src\ProjectFiles\Infra.IoC\DefaultCommands.tt = src\ProjectFiles\Infra.IoC\DefaultCommands.tt
		src\ProjectFiles\Infra.IoC\IoCFactory.tt = src\ProjectFiles\Infra.IoC\IoCFactory.tt
	EndProjectSection
EndProject
Project("{2150E333-8FDC-42A3-9474-1A3956D46DE8}") = "AppService", "AppService", "{B6C3910E-AF41-4752-B349-E7AD6F6DAF8E}"
	ProjectSection(SolutionItems) = preProject
		src\ProjectFiles\Application\AppServices.tt = src\ProjectFiles\Application\AppServices.tt
		src\ProjectFiles\Application\IAppServices.tt = src\ProjectFiles\Application\IAppServices.tt
	EndProjectSection
EndProject
Project("{2150E333-8FDC-42A3-9474-1A3956D46DE8}") = "Apps", "Apps", "{64B61E05-CB3D-42FF-ADB8-767FB2D3A2A3}"
	ProjectSection(SolutionItems) = preProject
		src\ProjectFiles\Apps\ClientIoCFactory.tt = src\ProjectFiles\Apps\ClientIoCFactory.tt
		src\ProjectFiles\Apps\ClientListiningPages.tt = src\ProjectFiles\Apps\ClientListiningPages.tt
		src\ProjectFiles\Apps\ClientPagesGenerator.tt = src\ProjectFiles\Apps\ClientPagesGenerator.tt
		src\ProjectFiles\Apps\ClientRegisterPages.tt = src\ProjectFiles\Apps\ClientRegisterPages.tt
		src\ProjectFiles\Apps\Controllers.tt = src\ProjectFiles\Apps\Controllers.tt
		src\ProjectFiles\Apps\DashboardControllers.tt = src\ProjectFiles\Apps\DashboardControllers.tt
		src\ProjectFiles\Apps\IoCFactory.tt = src\ProjectFiles\Apps\IoCFactory.tt
		src\ProjectFiles\Apps\MicroserviceController.tt = src\ProjectFiles\Apps\MicroserviceController.tt
		src\ProjectFiles\Apps\Migrations.tt = src\ProjectFiles\Apps\Migrations.tt
		src\ProjectFiles\Apps\MiniClientIoCFactory.tt = src\ProjectFiles\Apps\MiniClientIoCFactory.tt
		src\ProjectFiles\Apps\MiniClientPagesGenerator.tt = src\ProjectFiles\Apps\MiniClientPagesGenerator.tt
		src\ProjectFiles\Apps\MiniClientRegisterPages.tt = src\ProjectFiles\Apps\MiniClientRegisterPages.tt
		src\ProjectFiles\Apps\MiniControllers.tt = src\ProjectFiles\Apps\MiniControllers.tt
		src\ProjectFiles\Apps\MiniIoCFactory.tt = src\ProjectFiles\Apps\MiniIoCFactory.tt
		src\ProjectFiles\Apps\MiniMigrations.tt = src\ProjectFiles\Apps\MiniMigrations.tt
	EndProjectSection
EndProject
Project("{2150E333-8FDC-42A3-9474-1A3956D46DE8}") = "Entities", "Entities", "{14EAF56E-685C-4AFF-8CF9-4743156E4BB6}"
	ProjectSection(SolutionItems) = preProject
		src\ProjectFiles\Domain\AggregateSettingsEntity.tt = src\ProjectFiles\Domain\AggregateSettingsEntity.tt
		src\ProjectFiles\Domain\DefaultEntities.tt = src\ProjectFiles\Domain\DefaultEntities.tt
		src\ProjectFiles\Domain\DefaultFolders.tt = src\ProjectFiles\Domain\DefaultFolders.tt
		src\ProjectFiles\Domain\UserEntity.tt = src\ProjectFiles\Domain\UserEntity.tt
	EndProjectSection
EndProject
Project("{2150E333-8FDC-42A3-9474-1A3956D46DE8}") = "Cmmands", "Cmmands", "{9F22053B-1FCE-496B-8BA9-7904A7F6E0C4}"
	ProjectSection(SolutionItems) = preProject
		src\ProjectFiles\Domain\Commands.tt = src\ProjectFiles\Domain\Commands.tt
		src\ProjectFiles\Domain\CSVMappingProfiles.tt = src\ProjectFiles\Domain\CSVMappingProfiles.tt
		src\ProjectFiles\Domain\DefaultCommands.tt = src\ProjectFiles\Domain\DefaultCommands.tt
		src\ProjectFiles\Domain\ResetThisAggregate.tt = src\ProjectFiles\Domain\ResetThisAggregate.tt
		src\ProjectFiles\Domain\ValueObjectsDefaultCommands.tt = src\ProjectFiles\Domain\ValueObjectsDefaultCommands.tt
	EndProjectSection
EndProject
Project("{2150E333-8FDC-42A3-9474-1A3956D46DE8}") = "Commands", "Commands", "{09D115E2-D6DF-44CE-AA6A-5A15072900D2}"
	ProjectSection(SolutionItems) = preProject
		src\ProjectFiles\Application\DefaultCommands.tt = src\ProjectFiles\Application\DefaultCommands.tt
	EndProjectSection
EndProject
Project("{2150E333-8FDC-42A3-9474-1A3956D46DE8}") = "Commands", "Commands", "{9200F9AD-EFE2-410F-82DD-6D7B0A6E25C8}"
	ProjectSection(SolutionItems) = preProject
		src\ProjectFiles\Application.DTO\DefaultCommands.tt = src\ProjectFiles\Application.DTO\DefaultCommands.tt
	EndProjectSection
EndProject
Project("{2150E333-8FDC-42A3-9474-1A3956D46DE8}") = "Commands", "Commands", "{9A5EB582-A256-4035-816C-808912679C79}"
	ProjectSection(SolutionItems) = preProject
		src\ProjectFiles\Infra.Data\DefaultCommands.tt = src\ProjectFiles\Infra.Data\DefaultCommands.tt
	EndProjectSection
EndProject
Project("{2150E333-8FDC-42A3-9474-1A3956D46DE8}") = "RgisterTemplates", "RgisterTemplates", "{53026A30-EA60-4696-BB46-54789185786E}"
	ProjectSection(SolutionItems) = preProject
		src\ProjectFiles\Apps\BasicAddressComponent.tt = src\ProjectFiles\Apps\BasicAddressComponent.tt
		src\ProjectFiles\Apps\BasicConfiguracaoComponent.tt = src\ProjectFiles\Apps\BasicConfiguracaoComponent.tt
		src\ProjectFiles\Apps\BasicForm.tt = src\ProjectFiles\Apps\BasicForm.tt
		src\ProjectFiles\Apps\BasicListboxComponent.tt = src\ProjectFiles\Apps\BasicListboxComponent.tt
		src\ProjectFiles\Apps\FormTemplatesSwitcher.tt = src\ProjectFiles\Apps\FormTemplatesSwitcher.tt
		src\ProjectFiles\Apps\MiniBasicForm.tt = src\ProjectFiles\Apps\MiniBasicForm.tt
		src\ProjectFiles\Apps\MiniFormTemplatesSwitcher.tt = src\ProjectFiles\Apps\MiniFormTemplatesSwitcher.tt
	EndProjectSection
EndProject
Project("{2150E333-8FDC-42A3-9474-1A3956D46DE8}") = "Inputs", "Inputs", "{4C432115-C299-4803-8810-94B8690B3C61}"
	ProjectSection(SolutionItems) = preProject
		src\ProjectFiles\Apps\BasicDateTimeInput.tt = src\ProjectFiles\Apps\BasicDateTimeInput.tt
		src\ProjectFiles\Apps\BasicEnumInput.tt = src\ProjectFiles\Apps\BasicEnumInput.tt
		src\ProjectFiles\Apps\BasicForeignDataDropDownWithAutoComplete.tt = src\ProjectFiles\Apps\BasicForeignDataDropDownWithAutoComplete.tt
		src\ProjectFiles\Apps\BasicForeignDataSelector.tt = src\ProjectFiles\Apps\BasicForeignDataSelector.tt
		src\ProjectFiles\Apps\BasicForm.css.tt = src\ProjectFiles\Apps\BasicForm.css.tt
		src\ProjectFiles\Apps\BasicFormInputChooser.tt = src\ProjectFiles\Apps\BasicFormInputChooser.tt
		src\ProjectFiles\Apps\BasicFormInputGeneralChooser.tt = src\ProjectFiles\Apps\BasicFormInputGeneralChooser.tt
		src\ProjectFiles\Apps\BasicFormListChooser.tt = src\ProjectFiles\Apps\BasicFormListChooser.tt
		src\ProjectFiles\Apps\BasicImageInput.tt = src\ProjectFiles\Apps\BasicImageInput.tt
		src\ProjectFiles\Apps\BasicMiniListingPickerComponent.tt = src\ProjectFiles\Apps\BasicMiniListingPickerComponent.tt
		src\ProjectFiles\Apps\BasicSwitchTogglerInput.tt = src\ProjectFiles\Apps\BasicSwitchTogglerInput.tt
		src\ProjectFiles\Apps\BasicTabBarContentComponent.tt = src\ProjectFiles\Apps\BasicTabBarContentComponent.tt
		src\ProjectFiles\Apps\BasicTextInput.tt = src\ProjectFiles\Apps\BasicTextInput.tt
		src\ProjectFiles\Apps\BasicTextInputTitle.tt = src\ProjectFiles\Apps\BasicTextInputTitle.tt
		src\ProjectFiles\Apps\MiniBasicForm.css.tt = src\ProjectFiles\Apps\MiniBasicForm.css.tt
	EndProjectSection
EndProject
Project("{2150E333-8FDC-42A3-9474-1A3956D46DE8}") = "src", "src", "{827E0CD3-B72D-47B6-A68D-7590B98EB39B}"
EndProject
Project("{2150E333-8FDC-42A3-9474-1A3956D46DE8}") = "_Core", "_Core", "{8D626EA8-CB54-BC41-363A-217881BEBA6E}"
EndProject
Project("{FAE04EC0-301F-11D3-BF4B-00C04F79EFBC}") = "Lazy.Crud.Core.Api.Queries", "src\Core\Core.Api.Queries\Lazy.Crud.Core.Api.Queries.csproj", "{F987B38F-EDF5-45D1-AFF1-9E1BFCCFF6EB}"
EndProject
Project("{FAE04EC0-301F-11D3-BF4B-00C04F79EFBC}") = "Lazy.Crud.Core.Application.DTO.Http.Models", "src\Core\Core.Application.DTO.Http.Models\Lazy.Crud.Core.Application.DTO.Http.Models.csproj", "{169B7C81-4B26-40A1-AA11-A65249763349}"
EndProject
Project("{FAE04EC0-301F-11D3-BF4B-00C04F79EFBC}") = "Lazy.Crud.Core.Application.DTO", "src\Core\Core.Application.DTO\Lazy.Crud.Core.Application.DTO.csproj", "{2D7E4EC8-C86B-4D5B-A56F-85880F9D3163}"
EndProject
Project("{FAE04EC0-301F-11D3-BF4B-00C04F79EFBC}") = "Lazy.Crud.Core.Application.Validators", "src\Core\Core.Application.Validators\Lazy.Crud.Core.Application.Validators.csproj", "{C4638C0D-5F32-4EB6-A025-4427A2429BF0}"
EndProject
Project("{FAE04EC0-301F-11D3-BF4B-00C04F79EFBC}") = "Lazy.Crud.Core.Application", "src\Core\Core.Application\Lazy.Crud.Core.Application.csproj", "{B44C705B-2BB0-4EDF-9992-16C5F0ECBA7F}"
EndProject
Project("{2150E333-8FDC-42A3-9474-1A3956D46DE8}") = "_CrossCutting", "_CrossCutting", "{5662F61D-C2EB-4577-46D3-F61C19A3F608}"
EndProject
Project("{FAE04EC0-301F-11D3-BF4B-00C04F79EFBC}") = "Lazy.Crud.Core.Domain.CrossCutting", "src\Core\Core.Domain.CrossCutting\Lazy.Crud.Core.Domain.CrossCutting.csproj", "{769CEEE8-BE6F-4C55-986D-232B8E47E38A}"
EndProject
Project("{FAE04EC0-301F-11D3-BF4B-00C04F79EFBC}") = "Lazy.Crud.Core.Domain", "src\Core\Core.Domain\Lazy.Crud.Core.Domain.csproj", "{342EE8C2-F995-4BA6-91D5-0B1DC560179E}"
EndProject
Project("{FAE04EC0-301F-11D3-BF4B-00C04F79EFBC}") = "Lazy.Crud.Core.Enumeration", "src\Core\Core.Enumeration\Lazy.Crud.Core.Enumeration.csproj", "{45E97FAE-3E1B-4C5B-A31E-A5F257563FAE}"
EndProject
Project("{FAE04EC0-301F-11D3-BF4B-00C04F79EFBC}") = "Lazy.Crud.Core.Infra.Data", "src\Core\Core.Infra.Core.Data\Lazy.Crud.Core.Infra.Data.csproj", "{06B611B8-80CC-42F5-8D2A-47E71A39CA55}"
EndProject
Project("{FAE04EC0-301F-11D3-BF4B-00C04F79EFBC}") = "Lazy.Crud.Core.Infra.IoC", "src\Core\Core.Infra.IoC\Lazy.Crud.Core.Infra.IoC.csproj", "{016209BF-5AF3-4718-A8BC-21BF8EF0B8F0}"
EndProject
Project("{FAE04EC0-301F-11D3-BF4B-00C04F79EFBC}") = "Lazy.Crud.Core.Api", "src\Core\Core.WebApi\Lazy.Crud.Core.Api.csproj", "{1EE8C25F-55EA-406F-B10A-0623CBD5323D}"
EndProject
Project("{FAE04EC0-301F-11D3-BF4B-00C04F79EFBC}") = "Lazy.Crud.CrossCutting.Application.Mail", "src\CrossCutting\CrossCutting.Application.Mail\ClassLibrary1\Lazy.Crud.CrossCutting.Application.Mail.csproj", "{6435575E-DB10-407C-A551-BF4D2CE19EFA}"
EndProject
Project("{FAE04EC0-301F-11D3-BF4B-00C04F79EFBC}") = "Lazy.Crud.CrossCuting.Infra.Utils", "src\CrossCutting\CrossCutting.Utils\Lazy.Crud.CrossCuting.Infra.Utils.csproj", "{01A76093-B762-4F4C-96B1-C8C210053763}"
EndProject
Project("{FAE04EC0-301F-11D3-BF4B-00C04F79EFBC}") = "Lazy.Crud.CrossCutting.Infra.Log", "src\CrossCutting\CrossCutting.Infra.Log\Lazy.Crud.CrossCutting.Infra.Log.csproj", "{5A2C3DA2-5C0C-DC55-BD11-4CA8ABBE1E24}"
EndProject
Global
	GlobalSection(SolutionConfigurationPlatforms) = preSolution
		Debug|Any CPU = Debug|Any CPU
		Debug|x64 = Debug|x64
		Debug|x86 = Debug|x86
		Release|Any CPU = Release|Any CPU
		Release|x64 = Release|x64
		Release|x86 = Release|x86
	EndGlobalSection
	GlobalSection(ProjectConfigurationPlatforms) = postSolution
		{F987B38F-EDF5-45D1-AFF1-9E1BFCCFF6EB}.Debug|Any CPU.ActiveCfg = Debug|Any CPU
		{F987B38F-EDF5-45D1-AFF1-9E1BFCCFF6EB}.Debug|Any CPU.Build.0 = Debug|Any CPU
		{F987B38F-EDF5-45D1-AFF1-9E1BFCCFF6EB}.Debug|x64.ActiveCfg = Debug|Any CPU
		{F987B38F-EDF5-45D1-AFF1-9E1BFCCFF6EB}.Debug|x64.Build.0 = Debug|Any CPU
		{F987B38F-EDF5-45D1-AFF1-9E1BFCCFF6EB}.Debug|x86.ActiveCfg = Debug|Any CPU
		{F987B38F-EDF5-45D1-AFF1-9E1BFCCFF6EB}.Debug|x86.Build.0 = Debug|Any CPU
		{F987B38F-EDF5-45D1-AFF1-9E1BFCCFF6EB}.Release|Any CPU.ActiveCfg = Release|Any CPU
		{F987B38F-EDF5-45D1-AFF1-9E1BFCCFF6EB}.Release|Any CPU.Build.0 = Release|Any CPU
		{F987B38F-EDF5-45D1-AFF1-9E1BFCCFF6EB}.Release|x64.ActiveCfg = Release|Any CPU
		{F987B38F-EDF5-45D1-AFF1-9E1BFCCFF6EB}.Release|x64.Build.0 = Release|Any CPU
		{F987B38F-EDF5-45D1-AFF1-9E1BFCCFF6EB}.Release|x86.ActiveCfg = Release|Any CPU
		{F987B38F-EDF5-45D1-AFF1-9E1BFCCFF6EB}.Release|x86.Build.0 = Release|Any CPU
		{169B7C81-4B26-40A1-AA11-A65249763349}.Debug|Any CPU.ActiveCfg = Debug|Any CPU
		{169B7C81-4B26-40A1-AA11-A65249763349}.Debug|Any CPU.Build.0 = Debug|Any CPU
		{169B7C81-4B26-40A1-AA11-A65249763349}.Debug|x64.ActiveCfg = Debug|Any CPU
		{169B7C81-4B26-40A1-AA11-A65249763349}.Debug|x64.Build.0 = Debug|Any CPU
		{169B7C81-4B26-40A1-AA11-A65249763349}.Debug|x86.ActiveCfg = Debug|Any CPU
		{169B7C81-4B26-40A1-AA11-A65249763349}.Debug|x86.Build.0 = Debug|Any CPU
		{169B7C81-4B26-40A1-AA11-A65249763349}.Release|Any CPU.ActiveCfg = Release|Any CPU
		{169B7C81-4B26-40A1-AA11-A65249763349}.Release|Any CPU.Build.0 = Release|Any CPU
		{169B7C81-4B26-40A1-AA11-A65249763349}.Release|x64.ActiveCfg = Release|Any CPU
		{169B7C81-4B26-40A1-AA11-A65249763349}.Release|x64.Build.0 = Release|Any CPU
		{169B7C81-4B26-40A1-AA11-A65249763349}.Release|x86.ActiveCfg = Release|Any CPU
		{169B7C81-4B26-40A1-AA11-A65249763349}.Release|x86.Build.0 = Release|Any CPU
		{2D7E4EC8-C86B-4D5B-A56F-85880F9D3163}.Debug|Any CPU.ActiveCfg = Debug|Any CPU
		{2D7E4EC8-C86B-4D5B-A56F-85880F9D3163}.Debug|Any CPU.Build.0 = Debug|Any CPU
		{2D7E4EC8-C86B-4D5B-A56F-85880F9D3163}.Debug|x64.ActiveCfg = Debug|Any CPU
		{2D7E4EC8-C86B-4D5B-A56F-85880F9D3163}.Debug|x64.Build.0 = Debug|Any CPU
		{2D7E4EC8-C86B-4D5B-A56F-85880F9D3163}.Debug|x86.ActiveCfg = Debug|Any CPU
		{2D7E4EC8-C86B-4D5B-A56F-85880F9D3163}.Debug|x86.Build.0 = Debug|Any CPU
		{2D7E4EC8-C86B-4D5B-A56F-85880F9D3163}.Release|Any CPU.ActiveCfg = Release|Any CPU
		{2D7E4EC8-C86B-4D5B-A56F-85880F9D3163}.Release|Any CPU.Build.0 = Release|Any CPU
		{2D7E4EC8-C86B-4D5B-A56F-85880F9D3163}.Release|x64.ActiveCfg = Release|Any CPU
		{2D7E4EC8-C86B-4D5B-A56F-85880F9D3163}.Release|x64.Build.0 = Release|Any CPU
		{2D7E4EC8-C86B-4D5B-A56F-85880F9D3163}.Release|x86.ActiveCfg = Release|Any CPU
		{2D7E4EC8-C86B-4D5B-A56F-85880F9D3163}.Release|x86.Build.0 = Release|Any CPU
		{C4638C0D-5F32-4EB6-A025-4427A2429BF0}.Debug|Any CPU.ActiveCfg = Debug|Any CPU
		{C4638C0D-5F32-4EB6-A025-4427A2429BF0}.Debug|Any CPU.Build.0 = Debug|Any CPU
		{C4638C0D-5F32-4EB6-A025-4427A2429BF0}.Debug|x64.ActiveCfg = Debug|Any CPU
		{C4638C0D-5F32-4EB6-A025-4427A2429BF0}.Debug|x64.Build.0 = Debug|Any CPU
		{C4638C0D-5F32-4EB6-A025-4427A2429BF0}.Debug|x86.ActiveCfg = Debug|Any CPU
		{C4638C0D-5F32-4EB6-A025-4427A2429BF0}.Debug|x86.Build.0 = Debug|Any CPU
		{C4638C0D-5F32-4EB6-A025-4427A2429BF0}.Release|Any CPU.ActiveCfg = Release|Any CPU
		{C4638C0D-5F32-4EB6-A025-4427A2429BF0}.Release|Any CPU.Build.0 = Release|Any CPU
		{C4638C0D-5F32-4EB6-A025-4427A2429BF0}.Release|x64.ActiveCfg = Release|Any CPU
		{C4638C0D-5F32-4EB6-A025-4427A2429BF0}.Release|x64.Build.0 = Release|Any CPU
		{C4638C0D-5F32-4EB6-A025-4427A2429BF0}.Release|x86.ActiveCfg = Release|Any CPU
		{C4638C0D-5F32-4EB6-A025-4427A2429BF0}.Release|x86.Build.0 = Release|Any CPU
		{B44C705B-2BB0-4EDF-9992-16C5F0ECBA7F}.Debug|Any CPU.ActiveCfg = Debug|Any CPU
		{B44C705B-2BB0-4EDF-9992-16C5F0ECBA7F}.Debug|Any CPU.Build.0 = Debug|Any CPU
		{B44C705B-2BB0-4EDF-9992-16C5F0ECBA7F}.Debug|x64.ActiveCfg = Debug|Any CPU
		{B44C705B-2BB0-4EDF-9992-16C5F0ECBA7F}.Debug|x64.Build.0 = Debug|Any CPU
		{B44C705B-2BB0-4EDF-9992-16C5F0ECBA7F}.Debug|x86.ActiveCfg = Debug|Any CPU
		{B44C705B-2BB0-4EDF-9992-16C5F0ECBA7F}.Debug|x86.Build.0 = Debug|Any CPU
		{B44C705B-2BB0-4EDF-9992-16C5F0ECBA7F}.Release|Any CPU.ActiveCfg = Release|Any CPU
		{B44C705B-2BB0-4EDF-9992-16C5F0ECBA7F}.Release|Any CPU.Build.0 = Release|Any CPU
		{B44C705B-2BB0-4EDF-9992-16C5F0ECBA7F}.Release|x64.ActiveCfg = Release|Any CPU
		{B44C705B-2BB0-4EDF-9992-16C5F0ECBA7F}.Release|x64.Build.0 = Release|Any CPU
		{B44C705B-2BB0-4EDF-9992-16C5F0ECBA7F}.Release|x86.ActiveCfg = Release|Any CPU
		{B44C705B-2BB0-4EDF-9992-16C5F0ECBA7F}.Release|x86.Build.0 = Release|Any CPU
		{769CEEE8-BE6F-4C55-986D-232B8E47E38A}.Debug|Any CPU.ActiveCfg = Debug|Any CPU
		{769CEEE8-BE6F-4C55-986D-232B8E47E38A}.Debug|Any CPU.Build.0 = Debug|Any CPU
		{769CEEE8-BE6F-4C55-986D-232B8E47E38A}.Debug|x64.ActiveCfg = Debug|Any CPU
		{769CEEE8-BE6F-4C55-986D-232B8E47E38A}.Debug|x64.Build.0 = Debug|Any CPU
		{769CEEE8-BE6F-4C55-986D-232B8E47E38A}.Debug|x86.ActiveCfg = Debug|Any CPU
		{769CEEE8-BE6F-4C55-986D-232B8E47E38A}.Debug|x86.Build.0 = Debug|Any CPU
		{769CEEE8-BE6F-4C55-986D-232B8E47E38A}.Release|Any CPU.ActiveCfg = Release|Any CPU
		{769CEEE8-BE6F-4C55-986D-232B8E47E38A}.Release|Any CPU.Build.0 = Release|Any CPU
		{769CEEE8-BE6F-4C55-986D-232B8E47E38A}.Release|x64.ActiveCfg = Release|Any CPU
		{769CEEE8-BE6F-4C55-986D-232B8E47E38A}.Release|x64.Build.0 = Release|Any CPU
		{769CEEE8-BE6F-4C55-986D-232B8E47E38A}.Release|x86.ActiveCfg = Release|Any CPU
		{769CEEE8-BE6F-4C55-986D-232B8E47E38A}.Release|x86.Build.0 = Release|Any CPU
		{342EE8C2-F995-4BA6-91D5-0B1DC560179E}.Debug|Any CPU.ActiveCfg = Debug|Any CPU
		{342EE8C2-F995-4BA6-91D5-0B1DC560179E}.Debug|Any CPU.Build.0 = Debug|Any CPU
		{342EE8C2-F995-4BA6-91D5-0B1DC560179E}.Debug|x64.ActiveCfg = Debug|Any CPU
		{342EE8C2-F995-4BA6-91D5-0B1DC560179E}.Debug|x64.Build.0 = Debug|Any CPU
		{342EE8C2-F995-4BA6-91D5-0B1DC560179E}.Debug|x86.ActiveCfg = Debug|Any CPU
		{342EE8C2-F995-4BA6-91D5-0B1DC560179E}.Debug|x86.Build.0 = Debug|Any CPU
		{342EE8C2-F995-4BA6-91D5-0B1DC560179E}.Release|Any CPU.ActiveCfg = Release|Any CPU
		{342EE8C2-F995-4BA6-91D5-0B1DC560179E}.Release|Any CPU.Build.0 = Release|Any CPU
		{342EE8C2-F995-4BA6-91D5-0B1DC560179E}.Release|x64.ActiveCfg = Release|Any CPU
		{342EE8C2-F995-4BA6-91D5-0B1DC560179E}.Release|x64.Build.0 = Release|Any CPU
		{342EE8C2-F995-4BA6-91D5-0B1DC560179E}.Release|x86.ActiveCfg = Release|Any CPU
		{342EE8C2-F995-4BA6-91D5-0B1DC560179E}.Release|x86.Build.0 = Release|Any CPU
		{45E97FAE-3E1B-4C5B-A31E-A5F257563FAE}.Debug|Any CPU.ActiveCfg = Debug|Any CPU
		{45E97FAE-3E1B-4C5B-A31E-A5F257563FAE}.Debug|Any CPU.Build.0 = Debug|Any CPU
		{45E97FAE-3E1B-4C5B-A31E-A5F257563FAE}.Debug|x64.ActiveCfg = Debug|Any CPU
		{45E97FAE-3E1B-4C5B-A31E-A5F257563FAE}.Debug|x64.Build.0 = Debug|Any CPU
		{45E97FAE-3E1B-4C5B-A31E-A5F257563FAE}.Debug|x86.ActiveCfg = Debug|Any CPU
		{45E97FAE-3E1B-4C5B-A31E-A5F257563FAE}.Debug|x86.Build.0 = Debug|Any CPU
		{45E97FAE-3E1B-4C5B-A31E-A5F257563FAE}.Release|Any CPU.ActiveCfg = Release|Any CPU
		{45E97FAE-3E1B-4C5B-A31E-A5F257563FAE}.Release|Any CPU.Build.0 = Release|Any CPU
		{45E97FAE-3E1B-4C5B-A31E-A5F257563FAE}.Release|x64.ActiveCfg = Release|Any CPU
		{45E97FAE-3E1B-4C5B-A31E-A5F257563FAE}.Release|x64.Build.0 = Release|Any CPU
		{45E97FAE-3E1B-4C5B-A31E-A5F257563FAE}.Release|x86.ActiveCfg = Release|Any CPU
		{45E97FAE-3E1B-4C5B-A31E-A5F257563FAE}.Release|x86.Build.0 = Release|Any CPU
		{06B611B8-80CC-42F5-8D2A-47E71A39CA55}.Debug|Any CPU.ActiveCfg = Debug|Any CPU
		{06B611B8-80CC-42F5-8D2A-47E71A39CA55}.Debug|Any CPU.Build.0 = Debug|Any CPU
		{06B611B8-80CC-42F5-8D2A-47E71A39CA55}.Debug|x64.ActiveCfg = Debug|Any CPU
		{06B611B8-80CC-42F5-8D2A-47E71A39CA55}.Debug|x64.Build.0 = Debug|Any CPU
		{06B611B8-80CC-42F5-8D2A-47E71A39CA55}.Debug|x86.ActiveCfg = Debug|Any CPU
		{06B611B8-80CC-42F5-8D2A-47E71A39CA55}.Debug|x86.Build.0 = Debug|Any CPU
		{06B611B8-80CC-42F5-8D2A-47E71A39CA55}.Release|Any CPU.ActiveCfg = Release|Any CPU
		{06B611B8-80CC-42F5-8D2A-47E71A39CA55}.Release|Any CPU.Build.0 = Release|Any CPU
		{06B611B8-80CC-42F5-8D2A-47E71A39CA55}.Release|x64.ActiveCfg = Release|Any CPU
		{06B611B8-80CC-42F5-8D2A-47E71A39CA55}.Release|x64.Build.0 = Release|Any CPU
		{06B611B8-80CC-42F5-8D2A-47E71A39CA55}.Release|x86.ActiveCfg = Release|Any CPU
		{06B611B8-80CC-42F5-8D2A-47E71A39CA55}.Release|x86.Build.0 = Release|Any CPU
		{016209BF-5AF3-4718-A8BC-21BF8EF0B8F0}.Debug|Any CPU.ActiveCfg = Debug|Any CPU
		{016209BF-5AF3-4718-A8BC-21BF8EF0B8F0}.Debug|Any CPU.Build.0 = Debug|Any CPU
		{016209BF-5AF3-4718-A8BC-21BF8EF0B8F0}.Debug|x64.ActiveCfg = Debug|Any CPU
		{016209BF-5AF3-4718-A8BC-21BF8EF0B8F0}.Debug|x64.Build.0 = Debug|Any CPU
		{016209BF-5AF3-4718-A8BC-21BF8EF0B8F0}.Debug|x86.ActiveCfg = Debug|Any CPU
		{016209BF-5AF3-4718-A8BC-21BF8EF0B8F0}.Debug|x86.Build.0 = Debug|Any CPU
		{016209BF-5AF3-4718-A8BC-21BF8EF0B8F0}.Release|Any CPU.ActiveCfg = Release|Any CPU
		{016209BF-5AF3-4718-A8BC-21BF8EF0B8F0}.Release|Any CPU.Build.0 = Release|Any CPU
		{016209BF-5AF3-4718-A8BC-21BF8EF0B8F0}.Release|x64.ActiveCfg = Release|Any CPU
		{016209BF-5AF3-4718-A8BC-21BF8EF0B8F0}.Release|x64.Build.0 = Release|Any CPU
		{016209BF-5AF3-4718-A8BC-21BF8EF0B8F0}.Release|x86.ActiveCfg = Release|Any CPU
		{016209BF-5AF3-4718-A8BC-21BF8EF0B8F0}.Release|x86.Build.0 = Release|Any CPU
		{1EE8C25F-55EA-406F-B10A-0623CBD5323D}.Debug|Any CPU.ActiveCfg = Debug|Any CPU
		{1EE8C25F-55EA-406F-B10A-0623CBD5323D}.Debug|Any CPU.Build.0 = Debug|Any CPU
		{1EE8C25F-55EA-406F-B10A-0623CBD5323D}.Debug|x64.ActiveCfg = Debug|Any CPU
		{1EE8C25F-55EA-406F-B10A-0623CBD5323D}.Debug|x64.Build.0 = Debug|Any CPU
		{1EE8C25F-55EA-406F-B10A-0623CBD5323D}.Debug|x86.ActiveCfg = Debug|Any CPU
		{1EE8C25F-55EA-406F-B10A-0623CBD5323D}.Debug|x86.Build.0 = Debug|Any CPU
		{1EE8C25F-55EA-406F-B10A-0623CBD5323D}.Release|Any CPU.ActiveCfg = Release|Any CPU
		{1EE8C25F-55EA-406F-B10A-0623CBD5323D}.Release|Any CPU.Build.0 = Release|Any CPU
		{1EE8C25F-55EA-406F-B10A-0623CBD5323D}.Release|x64.ActiveCfg = Release|Any CPU
		{1EE8C25F-55EA-406F-B10A-0623CBD5323D}.Release|x64.Build.0 = Release|Any CPU
		{1EE8C25F-55EA-406F-B10A-0623CBD5323D}.Release|x86.ActiveCfg = Release|Any CPU
		{1EE8C25F-55EA-406F-B10A-0623CBD5323D}.Release|x86.Build.0 = Release|Any CPU
		{6435575E-DB10-407C-A551-BF4D2CE19EFA}.Debug|Any CPU.ActiveCfg = Debug|Any CPU
		{6435575E-DB10-407C-A551-BF4D2CE19EFA}.Debug|Any CPU.Build.0 = Debug|Any CPU
		{6435575E-DB10-407C-A551-BF4D2CE19EFA}.Debug|x64.ActiveCfg = Debug|Any CPU
		{6435575E-DB10-407C-A551-BF4D2CE19EFA}.Debug|x64.Build.0 = Debug|Any CPU
		{6435575E-DB10-407C-A551-BF4D2CE19EFA}.Debug|x86.ActiveCfg = Debug|Any CPU
		{6435575E-DB10-407C-A551-BF4D2CE19EFA}.Debug|x86.Build.0 = Debug|Any CPU
		{6435575E-DB10-407C-A551-BF4D2CE19EFA}.Release|Any CPU.ActiveCfg = Release|Any CPU
		{6435575E-DB10-407C-A551-BF4D2CE19EFA}.Release|Any CPU.Build.0 = Release|Any CPU
		{6435575E-DB10-407C-A551-BF4D2CE19EFA}.Release|x64.ActiveCfg = Release|Any CPU
		{6435575E-DB10-407C-A551-BF4D2CE19EFA}.Release|x64.Build.0 = Release|Any CPU
		{6435575E-DB10-407C-A551-BF4D2CE19EFA}.Release|x86.ActiveCfg = Release|Any CPU
		{6435575E-DB10-407C-A551-BF4D2CE19EFA}.Release|x86.Build.0 = Release|Any CPU
		{01A76093-B762-4F4C-96B1-C8C210053763}.Debug|Any CPU.ActiveCfg = Debug|Any CPU
		{01A76093-B762-4F4C-96B1-C8C210053763}.Debug|Any CPU.Build.0 = Debug|Any CPU
		{01A76093-B762-4F4C-96B1-C8C210053763}.Debug|x64.ActiveCfg = Debug|Any CPU
		{01A76093-B762-4F4C-96B1-C8C210053763}.Debug|x64.Build.0 = Debug|Any CPU
		{01A76093-B762-4F4C-96B1-C8C210053763}.Debug|x86.ActiveCfg = Debug|Any CPU
		{01A76093-B762-4F4C-96B1-C8C210053763}.Debug|x86.Build.0 = Debug|Any CPU
		{01A76093-B762-4F4C-96B1-C8C210053763}.Release|Any CPU.ActiveCfg = Release|Any CPU
		{01A76093-B762-4F4C-96B1-C8C210053763}.Release|Any CPU.Build.0 = Release|Any CPU
		{01A76093-B762-4F4C-96B1-C8C210053763}.Release|x64.ActiveCfg = Release|Any CPU
		{01A76093-B762-4F4C-96B1-C8C210053763}.Release|x64.Build.0 = Release|Any CPU
		{01A76093-B762-4F4C-96B1-C8C210053763}.Release|x86.ActiveCfg = Release|Any CPU
		{01A76093-B762-4F4C-96B1-C8C210053763}.Release|x86.Build.0 = Release|Any CPU
		{5A2C3DA2-5C0C-DC55-BD11-4CA8ABBE1E24}.Debug|Any CPU.ActiveCfg = Debug|Any CPU
		{5A2C3DA2-5C0C-DC55-BD11-4CA8ABBE1E24}.Debug|Any CPU.Build.0 = Debug|Any CPU
		{5A2C3DA2-5C0C-DC55-BD11-4CA8ABBE1E24}.Debug|x64.ActiveCfg = Debug|Any CPU
		{5A2C3DA2-5C0C-DC55-BD11-4CA8ABBE1E24}.Debug|x64.Build.0 = Debug|Any CPU
		{5A2C3DA2-5C0C-DC55-BD11-4CA8ABBE1E24}.Debug|x86.ActiveCfg = Debug|Any CPU
		{5A2C3DA2-5C0C-DC55-BD11-4CA8ABBE1E24}.Debug|x86.Build.0 = Debug|Any CPU
		{5A2C3DA2-5C0C-DC55-BD11-4CA8ABBE1E24}.Release|Any CPU.ActiveCfg = Release|Any CPU
		{5A2C3DA2-5C0C-DC55-BD11-4CA8ABBE1E24}.Release|Any CPU.Build.0 = Release|Any CPU
		{5A2C3DA2-5C0C-DC55-BD11-4CA8ABBE1E24}.Release|x64.ActiveCfg = Release|Any CPU
		{5A2C3DA2-5C0C-DC55-BD11-4CA8ABBE1E24}.Release|x64.Build.0 = Release|Any CPU
		{5A2C3DA2-5C0C-DC55-BD11-4CA8ABBE1E24}.Release|x86.ActiveCfg = Release|Any CPU
		{5A2C3DA2-5C0C-DC55-BD11-4CA8ABBE1E24}.Release|x86.Build.0 = Release|Any CPU
	EndGlobalSection
	GlobalSection(SolutionProperties) = preSolution
		HideSolutionNode = FALSE
	EndGlobalSection
	GlobalSection(NestedProjects) = preSolution
		{656583D2-89F7-4279-95D2-04718F5E0185} = {A57F383F-3564-434E-A174-EDB74E55ED67}
		{208F3BAD-81F5-4FDB-A0A1-41FF30001A4C} = {A57F383F-3564-434E-A174-EDB74E55ED67}
		{54BCA428-9201-4B2C-AD05-F0694AC9A03A} = {A57F383F-3564-434E-A174-EDB74E55ED67}
		{74647F2E-A2FF-4F77-BE23-DAAB2A004FFA} = {A57F383F-3564-434E-A174-EDB74E55ED67}
		{B6C3910E-AF41-4752-B349-E7AD6F6DAF8E} = {A57F383F-3564-434E-A174-EDB74E55ED67}
		{64B61E05-CB3D-42FF-ADB8-767FB2D3A2A3} = {A57F383F-3564-434E-A174-EDB74E55ED67}
		{14EAF56E-685C-4AFF-8CF9-4743156E4BB6} = {54BCA428-9201-4B2C-AD05-F0694AC9A03A}
		{9F22053B-1FCE-496B-8BA9-7904A7F6E0C4} = {54BCA428-9201-4B2C-AD05-F0694AC9A03A}
		{09D115E2-D6DF-44CE-AA6A-5A15072900D2} = {B6C3910E-AF41-4752-B349-E7AD6F6DAF8E}
		{9200F9AD-EFE2-410F-82DD-6D7B0A6E25C8} = {656583D2-89F7-4279-95D2-04718F5E0185}
		{9A5EB582-A256-4035-816C-808912679C79} = {208F3BAD-81F5-4FDB-A0A1-41FF30001A4C}
		{53026A30-EA60-4696-BB46-54789185786E} = {64B61E05-CB3D-42FF-ADB8-767FB2D3A2A3}
		{4C432115-C299-4803-8810-94B8690B3C61} = {53026A30-EA60-4696-BB46-54789185786E}
		{8D626EA8-CB54-BC41-363A-217881BEBA6E} = {827E0CD3-B72D-47B6-A68D-7590B98EB39B}
		{F987B38F-EDF5-45D1-AFF1-9E1BFCCFF6EB} = {8D626EA8-CB54-BC41-363A-217881BEBA6E}
		{169B7C81-4B26-40A1-AA11-A65249763349} = {8D626EA8-CB54-BC41-363A-217881BEBA6E}
		{2D7E4EC8-C86B-4D5B-A56F-85880F9D3163} = {8D626EA8-CB54-BC41-363A-217881BEBA6E}
		{C4638C0D-5F32-4EB6-A025-4427A2429BF0} = {8D626EA8-CB54-BC41-363A-217881BEBA6E}
		{B44C705B-2BB0-4EDF-9992-16C5F0ECBA7F} = {8D626EA8-CB54-BC41-363A-217881BEBA6E}
		{5662F61D-C2EB-4577-46D3-F61C19A3F608} = {8D626EA8-CB54-BC41-363A-217881BEBA6E}
		{769CEEE8-BE6F-4C55-986D-232B8E47E38A} = {5662F61D-C2EB-4577-46D3-F61C19A3F608}
		{342EE8C2-F995-4BA6-91D5-0B1DC560179E} = {8D626EA8-CB54-BC41-363A-217881BEBA6E}
		{45E97FAE-3E1B-4C5B-A31E-A5F257563FAE} = {8D626EA8-CB54-BC41-363A-217881BEBA6E}
		{06B611B8-80CC-42F5-8D2A-47E71A39CA55} = {8D626EA8-CB54-BC41-363A-217881BEBA6E}
		{016209BF-5AF3-4718-A8BC-21BF8EF0B8F0} = {8D626EA8-CB54-BC41-363A-217881BEBA6E}
		{1EE8C25F-55EA-406F-B10A-0623CBD5323D} = {8D626EA8-CB54-BC41-363A-217881BEBA6E}
		{6435575E-DB10-407C-A551-BF4D2CE19EFA} = {5662F61D-C2EB-4577-46D3-F61C19A3F608}
		{01A76093-B762-4F4C-96B1-C8C210053763} = {5662F61D-C2EB-4577-46D3-F61C19A3F608}
		{5A2C3DA2-5C0C-DC55-BD11-4CA8ABBE1E24} = {5662F61D-C2EB-4577-46D3-F61C19A3F608}
	EndGlobalSection
	GlobalSection(ExtensibilityGlobals) = postSolution
		SolutionGuid = {76B47B2A-64DE-4A08-9B05-5B5F2B1006BF}
	EndGlobalSection
EndGlobal
