Microsoft Visual Studio Solution File, Format Version 12.00
# Visual Studio Version 18
VisualStudioVersion = 18.0.11104.47
MinimumVisualStudioVersion = 10.0.40219.1
Project("{2150E333-8FDC-42A3-9474-1A3956D46DE8}") = "src", "src", "{5D557424-A202-4B25-A9AA-D599D5682D5B}"
EndProject
Project("{2150E333-8FDC-42A3-9474-1A3956D46DE8}") = "_DefaultTemplate", "_DefaultTemplate", "{94AF8591-4D9E-448B-BC0A-52BA975397BC}"
EndProject
Project("{2150E333-8FDC-42A3-9474-1A3956D46DE8}") = "_Core", "_Core", "{333C6444-07B8-4DC3-B4D3-01209EEE448F}"
EndProject
Project("{2150E333-8FDC-42A3-9474-1A3956D46DE8}") = "_Solution items", "_Solution items", "{A57F383F-3564-434E-A174-EDB74E55ED67}"
	ProjectSection(SolutionItems) = preProject
		src\ProjectFiles\project.tt = src\ProjectFiles\project.tt
		README.md = README.md
		readme.txt = readme.txt
	EndProjectSection
EndProject
Project("{2150E333-8FDC-42A3-9474-1A3956D46DE8}") = "_CrossCutting", "_CrossCutting", "{220AD6A7-D2C0-44E7-A07F-65312F4ADA0B}"
EndProject
Project("{2150E333-8FDC-42A3-9474-1A3956D46DE8}") = "Bots", "Bots", "{FE6991EE-7580-431A-8423-7414CA8D9446}"
EndProject
Project("{9A19103F-16F7-4668-BE54-9A1E7A4F7556}") = "Core.Domain", "src\Core\Core.Domain\Core.Domain.csproj", "{1280B712-9AC5-427F-824C-3E5A1106BF56}"
EndProject
Project("{9A19103F-16F7-4668-BE54-9A1E7A4F7556}") = "Core.Infra.Data", "src\Core\Core.Infra.Core.Data\Core.Infra.Data.csproj", "{80CC3AF3-6252-4508-AFCA-C764C2D9D285}"
EndProject
Project("{2150E333-8FDC-42A3-9474-1A3956D46DE8}") = "Consumers", "Consumers", "{C9B63A9E-C869-4C90-B121-739AF503CB41}"
EndProject
Project("{9A19103F-16F7-4668-BE54-9A1E7A4F7556}") = "CrossCutting.Infra.Log", "src\CrossCutting\CrossCutting.Infra.Log\CrossCutting.Infra.Log.csproj", "{0691C682-B908-4FD6-AB71-6B6BC38C4B10}"
EndProject
Project("{9A19103F-16F7-4668-BE54-9A1E7A4F7556}") = "CrossCuting.Infra.Utils", "src\CrossCutting\CrossCutting.Utils\CrossCuting.Infra.Utils.csproj", "{2A7B5724-FB33-4155-BA50-35E8C665C291}"
EndProject
Project("{2150E333-8FDC-42A3-9474-1A3956D46DE8}") = "Application.DTO", "Application.DTO", "{656583D2-89F7-4279-95D2-04718F5E0185}"
	ProjectSection(SolutionItems) = preProject
		src\ProjectFiles\Application.DTO\ListiningsDTO.tt = src\ProjectFiles\Application.DTO\ListiningsDTO.tt
		src\ProjectFiles\Application.DTO\RequestsDTO.tt = src\ProjectFiles\Application.DTO\RequestsDTO.tt
		src\ProjectFiles\Application.DTO\SteppableRequestsDTO.tt = src\ProjectFiles\Application.DTO\SteppableRequestsDTO.tt
		src\ProjectFiles\Application.DTO\SteppableRequestsValidators.tt = src\ProjectFiles\Application.DTO\SteppableRequestsValidators.tt
	EndProjectSection
EndProject
Project("{2150E333-8FDC-42A3-9474-1A3956D46DE8}") = "Infra.Data", "Infra.Data", "{208F3BAD-81F5-4FDB-A0A1-41FF30001A4C}"
	ProjectSection(SolutionItems) = preProject
		src\ProjectFiles\Infra.Data\IdentityContext.tt = src\ProjectFiles\Infra.Data\IdentityContext.tt
		src\ProjectFiles\Infra.Data\Mappings.tt = src\ProjectFiles\Infra.Data\Mappings.tt
		src\ProjectFiles\Infra.Data\Respositories.tt = src\ProjectFiles\Infra.Data\Respositories.tt
	EndProjectSection
EndProject
Project("{2150E333-8FDC-42A3-9474-1A3956D46DE8}") = "Domain", "Domain", "{54BCA428-9201-4B2C-AD05-F0694AC9A03A}"
	ProjectSection(SolutionItems) = preProject
		src\ProjectFiles\Domain\DomainCommandHandlers.tt = src\ProjectFiles\Domain\DomainCommandHandlers.tt
		src\ProjectFiles\Domain\DomainCommandModels.tt = src\ProjectFiles\Domain\DomainCommandModels.tt
		src\ProjectFiles\Domain\DomainEventHandlers.tt = src\ProjectFiles\Domain\DomainEventHandlers.tt
		src\ProjectFiles\Domain\DomainEventModels.tt = src\ProjectFiles\Domain\DomainEventModels.tt
		src\ProjectFiles\Domain\Filters.tt = src\ProjectFiles\Domain\Filters.tt
		src\ProjectFiles\Domain\IRespositories.tt = src\ProjectFiles\Domain\IRespositories.tt
		src\ProjectFiles\Domain\ProfilesListiningMapping.tt = src\ProjectFiles\Domain\ProfilesListiningMapping.tt
		src\ProjectFiles\Domain\ProfilesMapping.tt = src\ProjectFiles\Domain\ProfilesMapping.tt
		src\ProjectFiles\Domain\QueryModels.tt = src\ProjectFiles\Domain\QueryModels.tt
		src\ProjectFiles\Domain\SpecificationItem.tt = src\ProjectFiles\Domain\SpecificationItem.tt
		src\ProjectFiles\Domain\Specifications.tt = src\ProjectFiles\Domain\Specifications.tt
		src\ProjectFiles\Domain\SpecificationSubItem.tt = src\ProjectFiles\Domain\SpecificationSubItem.tt
	EndProjectSection
EndProject
Project("{2150E333-8FDC-42A3-9474-1A3956D46DE8}") = "Infra.IoC", "Infra.IoC", "{74647F2E-A2FF-4F77-BE23-DAAB2A004FFA}"
	ProjectSection(SolutionItems) = preProject
		src\ProjectFiles\Infra.IoC\DefaultCommands.tt = src\ProjectFiles\Infra.IoC\DefaultCommands.tt
		src\ProjectFiles\Infra.IoC\IoCFactory.tt = src\ProjectFiles\Infra.IoC\IoCFactory.tt
	EndProjectSection
EndProject
Project("{2150E333-8FDC-42A3-9474-1A3956D46DE8}") = "AppService", "AppService", "{B6C3910E-AF41-4752-B349-E7AD6F6DAF8E}"
	ProjectSection(SolutionItems) = preProject
		src\ProjectFiles\Application\AppServices.tt = src\ProjectFiles\Application\AppServices.tt
		src\ProjectFiles\Application\IAppServices.tt = src\ProjectFiles\Application\IAppServices.tt
	EndProjectSection
EndProject
Project("{9A19103F-16F7-4668-BE54-9A1E7A4F7556}") = "Core.Application", "src\Core\Core.Application\Core.Application.csproj", "{1B39F4D4-2343-4A54-BC7D-2DF400B4C75E}"
EndProject
Project("{2150E333-8FDC-42A3-9474-1A3956D46DE8}") = "Solution Items", "Solution Items", "{28BC5903-8345-4BDB-B135-EC9BB2BC027C}"
EndProject
Project("{9A19103F-16F7-4668-BE54-9A1E7A4F7556}") = "Core.Application.DTO", "src\Core\Core.Application.DTO\Core.Application.DTO.csproj", "{8D7B1732-783D-4C2E-BFE3-50EA71F8E94C}"
EndProject
Project("{2150E333-8FDC-42A3-9474-1A3956D46DE8}") = "Apps", "Apps", "{64B61E05-CB3D-42FF-ADB8-767FB2D3A2A3}"
	ProjectSection(SolutionItems) = preProject
		src\ProjectFiles\Apps\ClientIoCFactory.tt = src\ProjectFiles\Apps\ClientIoCFactory.tt
		src\ProjectFiles\Apps\ClientListiningPages.tt = src\ProjectFiles\Apps\ClientListiningPages.tt
		src\ProjectFiles\Apps\ClientPagesGenerator.tt = src\ProjectFiles\Apps\ClientPagesGenerator.tt
		src\ProjectFiles\Apps\ClientRegisterPages.tt = src\ProjectFiles\Apps\ClientRegisterPages.tt
		src\ProjectFiles\Apps\Controllers.tt = src\ProjectFiles\Apps\Controllers.tt
		src\ProjectFiles\Apps\DashboardControllers.tt = src\ProjectFiles\Apps\DashboardControllers.tt
		src\ProjectFiles\Apps\IoCFactory.tt = src\ProjectFiles\Apps\IoCFactory.tt
		src\ProjectFiles\Apps\MicroserviceController.tt = src\ProjectFiles\Apps\MicroserviceController.tt
		src\ProjectFiles\Apps\Migrations.tt = src\ProjectFiles\Apps\Migrations.tt
		src\ProjectFiles\Apps\MiniClientIoCFactory.tt = src\ProjectFiles\Apps\MiniClientIoCFactory.tt
		src\ProjectFiles\Apps\MiniClientPagesGenerator.tt = src\ProjectFiles\Apps\MiniClientPagesGenerator.tt
		src\ProjectFiles\Apps\MiniClientRegisterPages.tt = src\ProjectFiles\Apps\MiniClientRegisterPages.tt
		src\ProjectFiles\Apps\MiniControllers.tt = src\ProjectFiles\Apps\MiniControllers.tt
		src\ProjectFiles\Apps\MiniIoCFactory.tt = src\ProjectFiles\Apps\MiniIoCFactory.tt
		src\ProjectFiles\Apps\MiniMigrations.tt = src\ProjectFiles\Apps\MiniMigrations.tt
	EndProjectSection
EndProject
Project("{9A19103F-16F7-4668-BE54-9A1E7A4F7556}") = "Core.Infra.IoC", "src\Core\Core.Infra.IoC\Core.Infra.IoC.csproj", "{4B5C619C-1571-4896-AB52-89A92CDC718D}"
EndProject
Project("{2150E333-8FDC-42A3-9474-1A3956D46DE8}") = "Entities", "Entities", "{14EAF56E-685C-4AFF-8CF9-4743156E4BB6}"
	ProjectSection(SolutionItems) = preProject
		src\ProjectFiles\Domain\AggregateSettingsEntity.tt = src\ProjectFiles\Domain\AggregateSettingsEntity.tt
		src\ProjectFiles\Domain\DefaultEntities.tt = src\ProjectFiles\Domain\DefaultEntities.tt
		src\ProjectFiles\Domain\DefaultFolders.tt = src\ProjectFiles\Domain\DefaultFolders.tt
		src\ProjectFiles\Domain\UserEntity.tt = src\ProjectFiles\Domain\UserEntity.tt
	EndProjectSection
EndProject
Project("{2150E333-8FDC-42A3-9474-1A3956D46DE8}") = "Cmmands", "Cmmands", "{9F22053B-1FCE-496B-8BA9-7904A7F6E0C4}"
	ProjectSection(SolutionItems) = preProject
		src\ProjectFiles\Domain\Commands.tt = src\ProjectFiles\Domain\Commands.tt
		src\ProjectFiles\Domain\CSVMappingProfiles.tt = src\ProjectFiles\Domain\CSVMappingProfiles.tt
		src\ProjectFiles\Domain\DefaultCommands.tt = src\ProjectFiles\Domain\DefaultCommands.tt
		src\ProjectFiles\Domain\ResetThisAggregate.tt = src\ProjectFiles\Domain\ResetThisAggregate.tt
		src\ProjectFiles\Domain\ValueObjectsDefaultCommands.tt = src\ProjectFiles\Domain\ValueObjectsDefaultCommands.tt
	EndProjectSection
EndProject
Project("{2150E333-8FDC-42A3-9474-1A3956D46DE8}") = "Commands", "Commands", "{09D115E2-D6DF-44CE-AA6A-5A15072900D2}"
	ProjectSection(SolutionItems) = preProject
		src\ProjectFiles\Application\DefaultCommands.tt = src\ProjectFiles\Application\DefaultCommands.tt
	EndProjectSection
EndProject
Project("{2150E333-8FDC-42A3-9474-1A3956D46DE8}") = "Commands", "Commands", "{9200F9AD-EFE2-410F-82DD-6D7B0A6E25C8}"
	ProjectSection(SolutionItems) = preProject
		src\ProjectFiles\Application.DTO\DefaultCommands.tt = src\ProjectFiles\Application.DTO\DefaultCommands.tt
	EndProjectSection
EndProject
Project("{2150E333-8FDC-42A3-9474-1A3956D46DE8}") = "Commands", "Commands", "{9A5EB582-A256-4035-816C-808912679C79}"
	ProjectSection(SolutionItems) = preProject
		src\ProjectFiles\Infra.Data\DefaultCommands.tt = src\ProjectFiles\Infra.Data\DefaultCommands.tt
	EndProjectSection
EndProject
Project("{2150E333-8FDC-42A3-9474-1A3956D46DE8}") = "RgisterTemplates", "RgisterTemplates", "{53026A30-EA60-4696-BB46-54789185786E}"
	ProjectSection(SolutionItems) = preProject
		src\ProjectFiles\Apps\BasicAddressComponent.tt = src\ProjectFiles\Apps\BasicAddressComponent.tt
		src\ProjectFiles\Apps\BasicConfiguracaoComponent.tt = src\ProjectFiles\Apps\BasicConfiguracaoComponent.tt
		src\ProjectFiles\Apps\BasicForm.tt = src\ProjectFiles\Apps\BasicForm.tt
		src\ProjectFiles\Apps\BasicListboxComponent.tt = src\ProjectFiles\Apps\BasicListboxComponent.tt
		src\ProjectFiles\Apps\FormTemplatesSwitcher.tt = src\ProjectFiles\Apps\FormTemplatesSwitcher.tt
		src\ProjectFiles\Apps\MiniBasicForm.tt = src\ProjectFiles\Apps\MiniBasicForm.tt
		src\ProjectFiles\Apps\MiniFormTemplatesSwitcher.tt = src\ProjectFiles\Apps\MiniFormTemplatesSwitcher.tt
	EndProjectSection
EndProject
Project("{2150E333-8FDC-42A3-9474-1A3956D46DE8}") = "Inputs", "Inputs", "{4C432115-C299-4803-8810-94B8690B3C61}"
	ProjectSection(SolutionItems) = preProject
		src\ProjectFiles\Apps\BasicDateTimeInput.tt = src\ProjectFiles\Apps\BasicDateTimeInput.tt
		src\ProjectFiles\Apps\BasicEnumInput.tt = src\ProjectFiles\Apps\BasicEnumInput.tt
		src\ProjectFiles\Apps\BasicForeignDataDropDownWithAutoComplete.tt = src\ProjectFiles\Apps\BasicForeignDataDropDownWithAutoComplete.tt
		src\ProjectFiles\Apps\BasicForeignDataSelector.tt = src\ProjectFiles\Apps\BasicForeignDataSelector.tt
		src\ProjectFiles\Apps\BasicForm.css.tt = src\ProjectFiles\Apps\BasicForm.css.tt
		src\ProjectFiles\Apps\BasicFormInputChooser.tt = src\ProjectFiles\Apps\BasicFormInputChooser.tt
		src\ProjectFiles\Apps\BasicFormInputGeneralChooser.tt = src\ProjectFiles\Apps\BasicFormInputGeneralChooser.tt
		src\ProjectFiles\Apps\BasicFormListChooser.tt = src\ProjectFiles\Apps\BasicFormListChooser.tt
		src\ProjectFiles\Apps\BasicImageInput.tt = src\ProjectFiles\Apps\BasicImageInput.tt
		src\ProjectFiles\Apps\BasicMiniListingPickerComponent.tt = src\ProjectFiles\Apps\BasicMiniListingPickerComponent.tt
		src\ProjectFiles\Apps\BasicSwitchTogglerInput.tt = src\ProjectFiles\Apps\BasicSwitchTogglerInput.tt
		src\ProjectFiles\Apps\BasicTabBarContentComponent.tt = src\ProjectFiles\Apps\BasicTabBarContentComponent.tt
		src\ProjectFiles\Apps\BasicTextInput.tt = src\ProjectFiles\Apps\BasicTextInput.tt
		src\ProjectFiles\Apps\BasicTextInputTitle.tt = src\ProjectFiles\Apps\BasicTextInputTitle.tt
		src\ProjectFiles\Apps\MiniBasicForm.css.tt = src\ProjectFiles\Apps\MiniBasicForm.css.tt
	EndProjectSection
EndProject
Project("{2150E333-8FDC-42A3-9474-1A3956D46DE8}") = "Managers", "Managers", "{DF0B5CED-14E3-4F2C-8BAB-1EC0EEB7C078}"
EndProject
Project("{9A19103F-16F7-4668-BE54-9A1E7A4F7556}") = "Core.Domain.CrossCutting", "src\Core\Core.Domain.CrossCutting\Core.Domain.CrossCutting.csproj", "{9428FBAB-CAE0-4C02-BA0B-C4A6611E2AF0}"
EndProject
Project("{9A19103F-16F7-4668-BE54-9A1E7A4F7556}") = "CrossCutting.Application.Mail", "src\CrossCutting\CrossCutting.Application.Mail\ClassLibrary1\CrossCutting.Application.Mail.csproj", "{EFF3AC9A-8A91-45AF-BFAC-1CF5F1EF4528}"
EndProject
Project("{9A19103F-16F7-4668-BE54-9A1E7A4F7556}") = "Core.Application.DTO.Tests", "src\Core\Core.Application.DTO.Tests\Core.Application.DTO.Tests.csproj", "{8551DC1F-5A52-4579-BAF5-76FABEFD33AB}"
EndProject
Project("{9A19103F-16F7-4668-BE54-9A1E7A4F7556}") = "Core.Application.Validators", "src\Core\Core.Application.Validators\Core.Application.Validators.csproj", "{5095A9A4-2114-41F5-91ED-F5C1A2FD22B6}"
EndProject
Project("{9A19103F-16F7-4668-BE54-9A1E7A4F7556}") = "DefaultTemplate.Application", "src\DefaultTemplate\DefaultTemplate.Application\DefaultTemplate.Application.csproj", "{A7F71E48-1BB4-4440-AB23-DE61ABFE7297}"
EndProject
Project("{9A19103F-16F7-4668-BE54-9A1E7A4F7556}") = "DefaultTemplate.Application.DTO", "src\DefaultTemplate\DefaultTemplate.Application.DTO\DefaultTemplate.Application.DTO.csproj", "{F8F9E025-8812-4B5F-B44D-053C7CFA1230}"
EndProject
Project("{9A19103F-16F7-4668-BE54-9A1E7A4F7556}") = "DefaultTemplate.Infra.CrossCuting.IoC", "src\DefaultTemplate\DefaultTemplate.Infra.CrossCuting.IoC\DefaultTemplate.Infra.CrossCuting.IoC.csproj", "{37A20B8B-7D10-4326-97F2-4B12E33FF88A}"
EndProject
Project("{9A19103F-16F7-4668-BE54-9A1E7A4F7556}") = "DefaultTemplate.Infra.Data", "src\DefaultTemplate\DefaultTemplate.Infra.Data\DefaultTemplate.Infra.Data.csproj", "{2D2BF417-12A7-4FBF-8E6D-5A51DACD1F5B}"
EndProject
Project("{9A19103F-16F7-4668-BE54-9A1E7A4F7556}") = "DefaultTemplate.Infra.IoC", "src\DefaultTemplate\DefaultTemplate.Infra.IoC\DefaultTemplate.Infra.IoC.csproj", "{6CE3EAF5-109E-44EF-827D-34E625B11714}"
EndProject
Project("{9A19103F-16F7-4668-BE54-9A1E7A4F7556}") = "DefaultTemplate.Api", "src\DefaultTemplate\DefaultTemplate.Api\DefaultTemplate.Api.csproj", "{200A6B04-BBBC-4B2A-AAED-7292B3F6C1E8}"
EndProject
Project("{9A19103F-16F7-4668-BE54-9A1E7A4F7556}") = "Core.Api", "src\Core\Core.WebApi\Core.Api.csproj", "{81C202B2-CC9E-42DE-9A24-67FF3700FDB4}"
EndProject
Project("{9A19103F-16F7-4668-BE54-9A1E7A4F7556}") = "DefaultTemplate.Api.Queries", "src\DefaultTemplate\DefaultTemplate.Api.Queries\DefaultTemplate.Api.Queries.csproj", "{3516388E-65E4-4010-8E18-F66D3EC6A7AA}"
EndProject
Project("{9A19103F-16F7-4668-BE54-9A1E7A4F7556}") = "Core.Api.Queries", "src\Core\Core.Api.Queries\Core.Api.Queries.csproj", "{B5506FB1-8969-47F4-B9A1-BBDE648436CD}"
EndProject
Project("{9A19103F-16F7-4668-BE54-9A1E7A4F7556}") = "DefaultTemplate.Enumerations", "src\DefaultTemplate\DefaultTemplate.Enumerations\DefaultTemplate.Enumerations.csproj", "{EEABEB95-D0F0-4367-9B0F-F0B499D642A6}"
EndProject
Project("{9A19103F-16F7-4668-BE54-9A1E7A4F7556}") = "Core.Application.DTO.Http.Models", "src\Core\Core.Application.DTO.Http.Models\Core.Application.DTO.Http.Models.csproj", "{9C99E6B4-826A-4D8D-A6C7-6A2D3DA151FB}"
EndProject
Project("{9A19103F-16F7-4668-BE54-9A1E7A4F7556}") = "Core.Api.Tests", "src\Core\Core.Api.Tests\Core.Api.Tests.csproj", "{E90A6763-7CB1-4A21-B200-34EC98B6D5C7}"
EndProject
Project("{9A19103F-16F7-4668-BE54-9A1E7A4F7556}") = "DefaultTemplate.Domain", "src\DefaultTemplate\DefaultTemplate.Domain\DefaultTemplate.Domain.csproj", "{AC08A547-6D45-4625-99C7-F95B600E90B5}"
EndProject
Project("{9A19103F-16F7-4668-BE54-9A1E7A4F7556}") = "CrossCuting.Infra.Utils.Tests", "src\CrossCutting\CrossCuting.Infra.Utils.Tests\CrossCuting.Infra.Utils.Tests.csproj", "{9BFB5F5F-4271-4CED-89EA-902E23DDC98F}"
EndProject
Project("{2150E333-8FDC-42A3-9474-1A3956D46DE8}") = "Shared", "Shared", "{59C24A71-5B4F-4264-A6F8-572B47B812A7}"
EndProject
Project("{2150E333-8FDC-42A3-9474-1A3956D46DE8}") = "Tests", "Tests", "{65025328-7C67-4254-9AD3-3454DBB21151}"
EndProject
Project("{FAE04EC0-301F-11D3-BF4B-00C04F79EFBC}") = "Core.Enumeration", "src\Core\Core.Enumeration\Core.Enumeration.csproj", "{969054A1-07FA-43D2-A4C2-CC229EECAC26}"
EndProject
Global
	GlobalSection(SolutionConfigurationPlatforms) = preSolution
		Debug|Any CPU = Debug|Any CPU
		Debug|x86 = Debug|x86
		Release|Any CPU = Release|Any CPU
		Release|x86 = Release|x86
	EndGlobalSection
	GlobalSection(ProjectConfigurationPlatforms) = postSolution
		{1280B712-9AC5-427F-824C-3E5A1106BF56}.Debug|Any CPU.ActiveCfg = Debug|Any CPU
		{1280B712-9AC5-427F-824C-3E5A1106BF56}.Debug|Any CPU.Build.0 = Debug|Any CPU
		{1280B712-9AC5-427F-824C-3E5A1106BF56}.Debug|x86.ActiveCfg = Debug|Any CPU
		{1280B712-9AC5-427F-824C-3E5A1106BF56}.Debug|x86.Build.0 = Debug|Any CPU
		{1280B712-9AC5-427F-824C-3E5A1106BF56}.Release|Any CPU.ActiveCfg = Release|Any CPU
		{1280B712-9AC5-427F-824C-3E5A1106BF56}.Release|Any CPU.Build.0 = Release|Any CPU
		{1280B712-9AC5-427F-824C-3E5A1106BF56}.Release|x86.ActiveCfg = Release|Any CPU
		{1280B712-9AC5-427F-824C-3E5A1106BF56}.Release|x86.Build.0 = Release|Any CPU
		{80CC3AF3-6252-4508-AFCA-C764C2D9D285}.Debug|Any CPU.ActiveCfg = Debug|Any CPU
		{80CC3AF3-6252-4508-AFCA-C764C2D9D285}.Debug|Any CPU.Build.0 = Debug|Any CPU
		{80CC3AF3-6252-4508-AFCA-C764C2D9D285}.Debug|x86.ActiveCfg = Debug|Any CPU
		{80CC3AF3-6252-4508-AFCA-C764C2D9D285}.Debug|x86.Build.0 = Debug|Any CPU
		{80CC3AF3-6252-4508-AFCA-C764C2D9D285}.Release|Any CPU.ActiveCfg = Release|Any CPU
		{80CC3AF3-6252-4508-AFCA-C764C2D9D285}.Release|Any CPU.Build.0 = Release|Any CPU
		{80CC3AF3-6252-4508-AFCA-C764C2D9D285}.Release|x86.ActiveCfg = Release|Any CPU
		{80CC3AF3-6252-4508-AFCA-C764C2D9D285}.Release|x86.Build.0 = Release|Any CPU
		{0691C682-B908-4FD6-AB71-6B6BC38C4B10}.Debug|Any CPU.ActiveCfg = Debug|Any CPU
		{0691C682-B908-4FD6-AB71-6B6BC38C4B10}.Debug|Any CPU.Build.0 = Debug|Any CPU
		{0691C682-B908-4FD6-AB71-6B6BC38C4B10}.Debug|x86.ActiveCfg = Debug|Any CPU
		{0691C682-B908-4FD6-AB71-6B6BC38C4B10}.Debug|x86.Build.0 = Debug|Any CPU
		{0691C682-B908-4FD6-AB71-6B6BC38C4B10}.Release|Any CPU.ActiveCfg = Release|Any CPU
		{0691C682-B908-4FD6-AB71-6B6BC38C4B10}.Release|Any CPU.Build.0 = Release|Any CPU
		{0691C682-B908-4FD6-AB71-6B6BC38C4B10}.Release|x86.ActiveCfg = Release|Any CPU
		{0691C682-B908-4FD6-AB71-6B6BC38C4B10}.Release|x86.Build.0 = Release|Any CPU
		{2A7B5724-FB33-4155-BA50-35E8C665C291}.Debug|Any CPU.ActiveCfg = Debug|Any CPU
		{2A7B5724-FB33-4155-BA50-35E8C665C291}.Debug|Any CPU.Build.0 = Debug|Any CPU
		{2A7B5724-FB33-4155-BA50-35E8C665C291}.Debug|x86.ActiveCfg = Debug|Any CPU
		{2A7B5724-FB33-4155-BA50-35E8C665C291}.Debug|x86.Build.0 = Debug|Any CPU
		{2A7B5724-FB33-4155-BA50-35E8C665C291}.Release|Any CPU.ActiveCfg = Release|Any CPU
		{2A7B5724-FB33-4155-BA50-35E8C665C291}.Release|Any CPU.Build.0 = Release|Any CPU
		{2A7B5724-FB33-4155-BA50-35E8C665C291}.Release|x86.ActiveCfg = Release|Any CPU
		{2A7B5724-FB33-4155-BA50-35E8C665C291}.Release|x86.Build.0 = Release|Any CPU
		{1B39F4D4-2343-4A54-BC7D-2DF400B4C75E}.Debug|Any CPU.ActiveCfg = Debug|Any CPU
		{1B39F4D4-2343-4A54-BC7D-2DF400B4C75E}.Debug|Any CPU.Build.0 = Debug|Any CPU
		{1B39F4D4-2343-4A54-BC7D-2DF400B4C75E}.Debug|x86.ActiveCfg = Debug|Any CPU
		{1B39F4D4-2343-4A54-BC7D-2DF400B4C75E}.Debug|x86.Build.0 = Debug|Any CPU
		{1B39F4D4-2343-4A54-BC7D-2DF400B4C75E}.Release|Any CPU.ActiveCfg = Release|Any CPU
		{1B39F4D4-2343-4A54-BC7D-2DF400B4C75E}.Release|Any CPU.Build.0 = Release|Any CPU
		{1B39F4D4-2343-4A54-BC7D-2DF400B4C75E}.Release|x86.ActiveCfg = Release|Any CPU
		{1B39F4D4-2343-4A54-BC7D-2DF400B4C75E}.Release|x86.Build.0 = Release|Any CPU
		{8D7B1732-783D-4C2E-BFE3-50EA71F8E94C}.Debug|Any CPU.ActiveCfg = Debug|Any CPU
		{8D7B1732-783D-4C2E-BFE3-50EA71F8E94C}.Debug|Any CPU.Build.0 = Debug|Any CPU
		{8D7B1732-783D-4C2E-BFE3-50EA71F8E94C}.Debug|x86.ActiveCfg = Debug|Any CPU
		{8D7B1732-783D-4C2E-BFE3-50EA71F8E94C}.Debug|x86.Build.0 = Debug|Any CPU
		{8D7B1732-783D-4C2E-BFE3-50EA71F8E94C}.Release|Any CPU.ActiveCfg = Release|Any CPU
		{8D7B1732-783D-4C2E-BFE3-50EA71F8E94C}.Release|Any CPU.Build.0 = Release|Any CPU
		{8D7B1732-783D-4C2E-BFE3-50EA71F8E94C}.Release|x86.ActiveCfg = Release|Any CPU
		{8D7B1732-783D-4C2E-BFE3-50EA71F8E94C}.Release|x86.Build.0 = Release|Any CPU
		{4B5C619C-1571-4896-AB52-89A92CDC718D}.Debug|Any CPU.ActiveCfg = Debug|Any CPU
		{4B5C619C-1571-4896-AB52-89A92CDC718D}.Debug|Any CPU.Build.0 = Debug|Any CPU
		{4B5C619C-1571-4896-AB52-89A92CDC718D}.Debug|x86.ActiveCfg = Debug|Any CPU
		{4B5C619C-1571-4896-AB52-89A92CDC718D}.Debug|x86.Build.0 = Debug|Any CPU
		{4B5C619C-1571-4896-AB52-89A92CDC718D}.Release|Any CPU.ActiveCfg = Release|Any CPU
		{4B5C619C-1571-4896-AB52-89A92CDC718D}.Release|Any CPU.Build.0 = Release|Any CPU
		{4B5C619C-1571-4896-AB52-89A92CDC718D}.Release|x86.ActiveCfg = Release|Any CPU
		{4B5C619C-1571-4896-AB52-89A92CDC718D}.Release|x86.Build.0 = Release|Any CPU
		{9428FBAB-CAE0-4C02-BA0B-C4A6611E2AF0}.Debug|Any CPU.ActiveCfg = Debug|Any CPU
		{9428FBAB-CAE0-4C02-BA0B-C4A6611E2AF0}.Debug|Any CPU.Build.0 = Debug|Any CPU
		{9428FBAB-CAE0-4C02-BA0B-C4A6611E2AF0}.Debug|x86.ActiveCfg = Debug|Any CPU
		{9428FBAB-CAE0-4C02-BA0B-C4A6611E2AF0}.Debug|x86.Build.0 = Debug|Any CPU
		{9428FBAB-CAE0-4C02-BA0B-C4A6611E2AF0}.Release|Any CPU.ActiveCfg = Release|Any CPU
		{9428FBAB-CAE0-4C02-BA0B-C4A6611E2AF0}.Release|Any CPU.Build.0 = Release|Any CPU
		{9428FBAB-CAE0-4C02-BA0B-C4A6611E2AF0}.Release|x86.ActiveCfg = Release|Any CPU
		{9428FBAB-CAE0-4C02-BA0B-C4A6611E2AF0}.Release|x86.Build.0 = Release|Any CPU
		{EFF3AC9A-8A91-45AF-BFAC-1CF5F1EF4528}.Debug|Any CPU.ActiveCfg = Debug|Any CPU
		{EFF3AC9A-8A91-45AF-BFAC-1CF5F1EF4528}.Debug|Any CPU.Build.0 = Debug|Any CPU
		{EFF3AC9A-8A91-45AF-BFAC-1CF5F1EF4528}.Debug|x86.ActiveCfg = Debug|Any CPU
		{EFF3AC9A-8A91-45AF-BFAC-1CF5F1EF4528}.Debug|x86.Build.0 = Debug|Any CPU
		{EFF3AC9A-8A91-45AF-BFAC-1CF5F1EF4528}.Release|Any CPU.ActiveCfg = Release|Any CPU
		{EFF3AC9A-8A91-45AF-BFAC-1CF5F1EF4528}.Release|Any CPU.Build.0 = Release|Any CPU
		{EFF3AC9A-8A91-45AF-BFAC-1CF5F1EF4528}.Release|x86.ActiveCfg = Release|Any CPU
		{EFF3AC9A-8A91-45AF-BFAC-1CF5F1EF4528}.Release|x86.Build.0 = Release|Any CPU
		{8551DC1F-5A52-4579-BAF5-76FABEFD33AB}.Debug|Any CPU.ActiveCfg = Debug|Any CPU
		{8551DC1F-5A52-4579-BAF5-76FABEFD33AB}.Debug|Any CPU.Build.0 = Debug|Any CPU
		{8551DC1F-5A52-4579-BAF5-76FABEFD33AB}.Debug|x86.ActiveCfg = Debug|Any CPU
		{8551DC1F-5A52-4579-BAF5-76FABEFD33AB}.Debug|x86.Build.0 = Debug|Any CPU
		{8551DC1F-5A52-4579-BAF5-76FABEFD33AB}.Release|Any CPU.ActiveCfg = Release|Any CPU
		{8551DC1F-5A52-4579-BAF5-76FABEFD33AB}.Release|Any CPU.Build.0 = Release|Any CPU
		{8551DC1F-5A52-4579-BAF5-76FABEFD33AB}.Release|x86.ActiveCfg = Release|Any CPU
		{8551DC1F-5A52-4579-BAF5-76FABEFD33AB}.Release|x86.Build.0 = Release|Any CPU
		{5095A9A4-2114-41F5-91ED-F5C1A2FD22B6}.Debug|Any CPU.ActiveCfg = Debug|Any CPU
		{5095A9A4-2114-41F5-91ED-F5C1A2FD22B6}.Debug|Any CPU.Build.0 = Debug|Any CPU
		{5095A9A4-2114-41F5-91ED-F5C1A2FD22B6}.Debug|x86.ActiveCfg = Debug|Any CPU
		{5095A9A4-2114-41F5-91ED-F5C1A2FD22B6}.Debug|x86.Build.0 = Debug|Any CPU
		{5095A9A4-2114-41F5-91ED-F5C1A2FD22B6}.Release|Any CPU.ActiveCfg = Release|Any CPU
		{5095A9A4-2114-41F5-91ED-F5C1A2FD22B6}.Release|Any CPU.Build.0 = Release|Any CPU
		{5095A9A4-2114-41F5-91ED-F5C1A2FD22B6}.Release|x86.ActiveCfg = Release|Any CPU
		{5095A9A4-2114-41F5-91ED-F5C1A2FD22B6}.Release|x86.Build.0 = Release|Any CPU
		{A7F71E48-1BB4-4440-AB23-DE61ABFE7297}.Debug|Any CPU.ActiveCfg = Debug|Any CPU
		{A7F71E48-1BB4-4440-AB23-DE61ABFE7297}.Debug|Any CPU.Build.0 = Debug|Any CPU
		{A7F71E48-1BB4-4440-AB23-DE61ABFE7297}.Debug|x86.ActiveCfg = Debug|Any CPU
		{A7F71E48-1BB4-4440-AB23-DE61ABFE7297}.Debug|x86.Build.0 = Debug|Any CPU
		{A7F71E48-1BB4-4440-AB23-DE61ABFE7297}.Release|Any CPU.ActiveCfg = Release|Any CPU
		{A7F71E48-1BB4-4440-AB23-DE61ABFE7297}.Release|Any CPU.Build.0 = Release|Any CPU
		{A7F71E48-1BB4-4440-AB23-DE61ABFE7297}.Release|x86.ActiveCfg = Release|Any CPU
		{A7F71E48-1BB4-4440-AB23-DE61ABFE7297}.Release|x86.Build.0 = Release|Any CPU
		{F8F9E025-8812-4B5F-B44D-053C7CFA1230}.Debug|Any CPU.ActiveCfg = Debug|Any CPU
		{F8F9E025-8812-4B5F-B44D-053C7CFA1230}.Debug|Any CPU.Build.0 = Debug|Any CPU
		{F8F9E025-8812-4B5F-B44D-053C7CFA1230}.Debug|x86.ActiveCfg = Debug|Any CPU
		{F8F9E025-8812-4B5F-B44D-053C7CFA1230}.Debug|x86.Build.0 = Debug|Any CPU
		{F8F9E025-8812-4B5F-B44D-053C7CFA1230}.Release|Any CPU.ActiveCfg = Release|Any CPU
		{F8F9E025-8812-4B5F-B44D-053C7CFA1230}.Release|Any CPU.Build.0 = Release|Any CPU
		{F8F9E025-8812-4B5F-B44D-053C7CFA1230}.Release|x86.ActiveCfg = Release|Any CPU
		{F8F9E025-8812-4B5F-B44D-053C7CFA1230}.Release|x86.Build.0 = Release|Any CPU
		{37A20B8B-7D10-4326-97F2-4B12E33FF88A}.Debug|Any CPU.ActiveCfg = Debug|Any CPU
		{37A20B8B-7D10-4326-97F2-4B12E33FF88A}.Debug|Any CPU.Build.0 = Debug|Any CPU
		{37A20B8B-7D10-4326-97F2-4B12E33FF88A}.Debug|x86.ActiveCfg = Debug|Any CPU
		{37A20B8B-7D10-4326-97F2-4B12E33FF88A}.Debug|x86.Build.0 = Debug|Any CPU
		{37A20B8B-7D10-4326-97F2-4B12E33FF88A}.Release|Any CPU.ActiveCfg = Release|Any CPU
		{37A20B8B-7D10-4326-97F2-4B12E33FF88A}.Release|Any CPU.Build.0 = Release|Any CPU
		{37A20B8B-7D10-4326-97F2-4B12E33FF88A}.Release|x86.ActiveCfg = Release|Any CPU
		{37A20B8B-7D10-4326-97F2-4B12E33FF88A}.Release|x86.Build.0 = Release|Any CPU
		{2D2BF417-12A7-4FBF-8E6D-5A51DACD1F5B}.Debug|Any CPU.ActiveCfg = Debug|Any CPU
		{2D2BF417-12A7-4FBF-8E6D-5A51DACD1F5B}.Debug|Any CPU.Build.0 = Debug|Any CPU
		{2D2BF417-12A7-4FBF-8E6D-5A51DACD1F5B}.Debug|x86.ActiveCfg = Debug|Any CPU
		{2D2BF417-12A7-4FBF-8E6D-5A51DACD1F5B}.Debug|x86.Build.0 = Debug|Any CPU
		{2D2BF417-12A7-4FBF-8E6D-5A51DACD1F5B}.Release|Any CPU.ActiveCfg = Release|Any CPU
		{2D2BF417-12A7-4FBF-8E6D-5A51DACD1F5B}.Release|Any CPU.Build.0 = Release|Any CPU
		{2D2BF417-12A7-4FBF-8E6D-5A51DACD1F5B}.Release|x86.ActiveCfg = Release|Any CPU
		{2D2BF417-12A7-4FBF-8E6D-5A51DACD1F5B}.Release|x86.Build.0 = Release|Any CPU
		{6CE3EAF5-109E-44EF-827D-34E625B11714}.Debug|Any CPU.ActiveCfg = Debug|Any CPU
		{6CE3EAF5-109E-44EF-827D-34E625B11714}.Debug|Any CPU.Build.0 = Debug|Any CPU
		{6CE3EAF5-109E-44EF-827D-34E625B11714}.Debug|x86.ActiveCfg = Debug|Any CPU
		{6CE3EAF5-109E-44EF-827D-34E625B11714}.Debug|x86.Build.0 = Debug|Any CPU
		{6CE3EAF5-109E-44EF-827D-34E625B11714}.Release|Any CPU.ActiveCfg = Release|Any CPU
		{6CE3EAF5-109E-44EF-827D-34E625B11714}.Release|Any CPU.Build.0 = Release|Any CPU
		{6CE3EAF5-109E-44EF-827D-34E625B11714}.Release|x86.ActiveCfg = Release|Any CPU
		{6CE3EAF5-109E-44EF-827D-34E625B11714}.Release|x86.Build.0 = Release|Any CPU
		{200A6B04-BBBC-4B2A-AAED-7292B3F6C1E8}.Debug|Any CPU.ActiveCfg = Debug|Any CPU
		{200A6B04-BBBC-4B2A-AAED-7292B3F6C1E8}.Debug|Any CPU.Build.0 = Debug|Any CPU
		{200A6B04-BBBC-4B2A-AAED-7292B3F6C1E8}.Debug|x86.ActiveCfg = Debug|Any CPU
		{200A6B04-BBBC-4B2A-AAED-7292B3F6C1E8}.Debug|x86.Build.0 = Debug|Any CPU
		{200A6B04-BBBC-4B2A-AAED-7292B3F6C1E8}.Release|Any CPU.ActiveCfg = Release|Any CPU
		{200A6B04-BBBC-4B2A-AAED-7292B3F6C1E8}.Release|Any CPU.Build.0 = Release|Any CPU
		{200A6B04-BBBC-4B2A-AAED-7292B3F6C1E8}.Release|x86.ActiveCfg = Release|Any CPU
		{200A6B04-BBBC-4B2A-AAED-7292B3F6C1E8}.Release|x86.Build.0 = Release|Any CPU
		{81C202B2-CC9E-42DE-9A24-67FF3700FDB4}.Debug|Any CPU.ActiveCfg = Debug|Any CPU
		{81C202B2-CC9E-42DE-9A24-67FF3700FDB4}.Debug|Any CPU.Build.0 = Debug|Any CPU
		{81C202B2-CC9E-42DE-9A24-67FF3700FDB4}.Debug|x86.ActiveCfg = Debug|Any CPU
		{81C202B2-CC9E-42DE-9A24-67FF3700FDB4}.Debug|x86.Build.0 = Debug|Any CPU
		{81C202B2-CC9E-42DE-9A24-67FF3700FDB4}.Release|Any CPU.ActiveCfg = Release|Any CPU
		{81C202B2-CC9E-42DE-9A24-67FF3700FDB4}.Release|Any CPU.Build.0 = Release|Any CPU
		{81C202B2-CC9E-42DE-9A24-67FF3700FDB4}.Release|x86.ActiveCfg = Release|Any CPU
		{81C202B2-CC9E-42DE-9A24-67FF3700FDB4}.Release|x86.Build.0 = Release|Any CPU
		{3516388E-65E4-4010-8E18-F66D3EC6A7AA}.Debug|Any CPU.ActiveCfg = Debug|Any CPU
		{3516388E-65E4-4010-8E18-F66D3EC6A7AA}.Debug|Any CPU.Build.0 = Debug|Any CPU
		{3516388E-65E4-4010-8E18-F66D3EC6A7AA}.Debug|x86.ActiveCfg = Debug|Any CPU
		{3516388E-65E4-4010-8E18-F66D3EC6A7AA}.Debug|x86.Build.0 = Debug|Any CPU
		{3516388E-65E4-4010-8E18-F66D3EC6A7AA}.Release|Any CPU.ActiveCfg = Release|Any CPU
		{3516388E-65E4-4010-8E18-F66D3EC6A7AA}.Release|Any CPU.Build.0 = Release|Any CPU
		{3516388E-65E4-4010-8E18-F66D3EC6A7AA}.Release|x86.ActiveCfg = Release|Any CPU
		{3516388E-65E4-4010-8E18-F66D3EC6A7AA}.Release|x86.Build.0 = Release|Any CPU
		{B5506FB1-8969-47F4-B9A1-BBDE648436CD}.Debug|Any CPU.ActiveCfg = Debug|Any CPU
		{B5506FB1-8969-47F4-B9A1-BBDE648436CD}.Debug|Any CPU.Build.0 = Debug|Any CPU
		{B5506FB1-8969-47F4-B9A1-BBDE648436CD}.Debug|x86.ActiveCfg = Debug|Any CPU
		{B5506FB1-8969-47F4-B9A1-BBDE648436CD}.Debug|x86.Build.0 = Debug|Any CPU
		{B5506FB1-8969-47F4-B9A1-BBDE648436CD}.Release|Any CPU.ActiveCfg = Release|Any CPU
		{B5506FB1-8969-47F4-B9A1-BBDE648436CD}.Release|Any CPU.Build.0 = Release|Any CPU
		{B5506FB1-8969-47F4-B9A1-BBDE648436CD}.Release|x86.ActiveCfg = Release|Any CPU
		{B5506FB1-8969-47F4-B9A1-BBDE648436CD}.Release|x86.Build.0 = Release|Any CPU
		{EEABEB95-D0F0-4367-9B0F-F0B499D642A6}.Debug|Any CPU.ActiveCfg = Debug|Any CPU
		{EEABEB95-D0F0-4367-9B0F-F0B499D642A6}.Debug|Any CPU.Build.0 = Debug|Any CPU
		{EEABEB95-D0F0-4367-9B0F-F0B499D642A6}.Debug|x86.ActiveCfg = Debug|Any CPU
		{EEABEB95-D0F0-4367-9B0F-F0B499D642A6}.Debug|x86.Build.0 = Debug|Any CPU
		{EEABEB95-D0F0-4367-9B0F-F0B499D642A6}.Release|Any CPU.ActiveCfg = Release|Any CPU
		{EEABEB95-D0F0-4367-9B0F-F0B499D642A6}.Release|Any CPU.Build.0 = Release|Any CPU
		{EEABEB95-D0F0-4367-9B0F-F0B499D642A6}.Release|x86.ActiveCfg = Release|Any CPU
		{EEABEB95-D0F0-4367-9B0F-F0B499D642A6}.Release|x86.Build.0 = Release|Any CPU
		{9C99E6B4-826A-4D8D-A6C7-6A2D3DA151FB}.Debug|Any CPU.ActiveCfg = Debug|Any CPU
		{9C99E6B4-826A-4D8D-A6C7-6A2D3DA151FB}.Debug|Any CPU.Build.0 = Debug|Any CPU
		{9C99E6B4-826A-4D8D-A6C7-6A2D3DA151FB}.Debug|x86.ActiveCfg = Debug|Any CPU
		{9C99E6B4-826A-4D8D-A6C7-6A2D3DA151FB}.Debug|x86.Build.0 = Debug|Any CPU
		{9C99E6B4-826A-4D8D-A6C7-6A2D3DA151FB}.Release|Any CPU.ActiveCfg = Release|Any CPU
		{9C99E6B4-826A-4D8D-A6C7-6A2D3DA151FB}.Release|Any CPU.Build.0 = Release|Any CPU
		{9C99E6B4-826A-4D8D-A6C7-6A2D3DA151FB}.Release|x86.ActiveCfg = Release|Any CPU
		{9C99E6B4-826A-4D8D-A6C7-6A2D3DA151FB}.Release|x86.Build.0 = Release|Any CPU
		{E90A6763-7CB1-4A21-B200-34EC98B6D5C7}.Debug|Any CPU.ActiveCfg = Debug|Any CPU
		{E90A6763-7CB1-4A21-B200-34EC98B6D5C7}.Debug|Any CPU.Build.0 = Debug|Any CPU
		{E90A6763-7CB1-4A21-B200-34EC98B6D5C7}.Debug|x86.ActiveCfg = Debug|Any CPU
		{E90A6763-7CB1-4A21-B200-34EC98B6D5C7}.Debug|x86.Build.0 = Debug|Any CPU
		{E90A6763-7CB1-4A21-B200-34EC98B6D5C7}.Release|Any CPU.ActiveCfg = Release|Any CPU
		{E90A6763-7CB1-4A21-B200-34EC98B6D5C7}.Release|Any CPU.Build.0 = Release|Any CPU
		{E90A6763-7CB1-4A21-B200-34EC98B6D5C7}.Release|x86.ActiveCfg = Release|Any CPU
		{E90A6763-7CB1-4A21-B200-34EC98B6D5C7}.Release|x86.Build.0 = Release|Any CPU
		{AC08A547-6D45-4625-99C7-F95B600E90B5}.Debug|Any CPU.ActiveCfg = Debug|Any CPU
		{AC08A547-6D45-4625-99C7-F95B600E90B5}.Debug|Any CPU.Build.0 = Debug|Any CPU
		{AC08A547-6D45-4625-99C7-F95B600E90B5}.Debug|x86.ActiveCfg = Debug|Any CPU
		{AC08A547-6D45-4625-99C7-F95B600E90B5}.Debug|x86.Build.0 = Debug|Any CPU
		{AC08A547-6D45-4625-99C7-F95B600E90B5}.Release|Any CPU.ActiveCfg = Release|Any CPU
		{AC08A547-6D45-4625-99C7-F95B600E90B5}.Release|Any CPU.Build.0 = Release|Any CPU
		{AC08A547-6D45-4625-99C7-F95B600E90B5}.Release|x86.ActiveCfg = Release|Any CPU
		{AC08A547-6D45-4625-99C7-F95B600E90B5}.Release|x86.Build.0 = Release|Any CPU
		{9BFB5F5F-4271-4CED-89EA-902E23DDC98F}.Debug|Any CPU.ActiveCfg = Debug|Any CPU
		{9BFB5F5F-4271-4CED-89EA-902E23DDC98F}.Debug|Any CPU.Build.0 = Debug|Any CPU
		{9BFB5F5F-4271-4CED-89EA-902E23DDC98F}.Debug|x86.ActiveCfg = Debug|Any CPU
		{9BFB5F5F-4271-4CED-89EA-902E23DDC98F}.Debug|x86.Build.0 = Debug|Any CPU
		{9BFB5F5F-4271-4CED-89EA-902E23DDC98F}.Release|Any CPU.ActiveCfg = Release|Any CPU
		{9BFB5F5F-4271-4CED-89EA-902E23DDC98F}.Release|Any CPU.Build.0 = Release|Any CPU
		{9BFB5F5F-4271-4CED-89EA-902E23DDC98F}.Release|x86.ActiveCfg = Release|Any CPU
		{9BFB5F5F-4271-4CED-89EA-902E23DDC98F}.Release|x86.Build.0 = Release|Any CPU
		{969054A1-07FA-43D2-A4C2-CC229EECAC26}.Debug|Any CPU.ActiveCfg = Debug|Any CPU
		{969054A1-07FA-43D2-A4C2-CC229EECAC26}.Debug|Any CPU.Build.0 = Debug|Any CPU
		{969054A1-07FA-43D2-A4C2-CC229EECAC26}.Debug|x86.ActiveCfg = Debug|Any CPU
		{969054A1-07FA-43D2-A4C2-CC229EECAC26}.Debug|x86.Build.0 = Debug|Any CPU
		{969054A1-07FA-43D2-A4C2-CC229EECAC26}.Release|Any CPU.ActiveCfg = Release|Any CPU
		{969054A1-07FA-43D2-A4C2-CC229EECAC26}.Release|Any CPU.Build.0 = Release|Any CPU
		{969054A1-07FA-43D2-A4C2-CC229EECAC26}.Release|x86.ActiveCfg = Release|Any CPU
		{969054A1-07FA-43D2-A4C2-CC229EECAC26}.Release|x86.Build.0 = Release|Any CPU
	EndGlobalSection
	GlobalSection(SolutionProperties) = preSolution
		HideSolutionNode = FALSE
	EndGlobalSection
	GlobalSection(NestedProjects) = preSolution
		{94AF8591-4D9E-448B-BC0A-52BA975397BC} = {333C6444-07B8-4DC3-B4D3-01209EEE448F}
		{333C6444-07B8-4DC3-B4D3-01209EEE448F} = {5D557424-A202-4B25-A9AA-D599D5682D5B}
		{220AD6A7-D2C0-44E7-A07F-65312F4ADA0B} = {333C6444-07B8-4DC3-B4D3-01209EEE448F}
		{1280B712-9AC5-427F-824C-3E5A1106BF56} = {333C6444-07B8-4DC3-B4D3-01209EEE448F}
		{80CC3AF3-6252-4508-AFCA-C764C2D9D285} = {333C6444-07B8-4DC3-B4D3-01209EEE448F}
		{0691C682-B908-4FD6-AB71-6B6BC38C4B10} = {220AD6A7-D2C0-44E7-A07F-65312F4ADA0B}
		{2A7B5724-FB33-4155-BA50-35E8C665C291} = {220AD6A7-D2C0-44E7-A07F-65312F4ADA0B}
		{656583D2-89F7-4279-95D2-04718F5E0185} = {A57F383F-3564-434E-A174-EDB74E55ED67}
		{208F3BAD-81F5-4FDB-A0A1-41FF30001A4C} = {A57F383F-3564-434E-A174-EDB74E55ED67}
		{54BCA428-9201-4B2C-AD05-F0694AC9A03A} = {A57F383F-3564-434E-A174-EDB74E55ED67}
		{74647F2E-A2FF-4F77-BE23-DAAB2A004FFA} = {A57F383F-3564-434E-A174-EDB74E55ED67}
		{B6C3910E-AF41-4752-B349-E7AD6F6DAF8E} = {A57F383F-3564-434E-A174-EDB74E55ED67}
		{1B39F4D4-2343-4A54-BC7D-2DF400B4C75E} = {333C6444-07B8-4DC3-B4D3-01209EEE448F}
		{8D7B1732-783D-4C2E-BFE3-50EA71F8E94C} = {333C6444-07B8-4DC3-B4D3-01209EEE448F}
		{64B61E05-CB3D-42FF-ADB8-767FB2D3A2A3} = {A57F383F-3564-434E-A174-EDB74E55ED67}
		{4B5C619C-1571-4896-AB52-89A92CDC718D} = {333C6444-07B8-4DC3-B4D3-01209EEE448F}
		{14EAF56E-685C-4AFF-8CF9-4743156E4BB6} = {54BCA428-9201-4B2C-AD05-F0694AC9A03A}
		{9F22053B-1FCE-496B-8BA9-7904A7F6E0C4} = {54BCA428-9201-4B2C-AD05-F0694AC9A03A}
		{09D115E2-D6DF-44CE-AA6A-5A15072900D2} = {B6C3910E-AF41-4752-B349-E7AD6F6DAF8E}
		{9200F9AD-EFE2-410F-82DD-6D7B0A6E25C8} = {656583D2-89F7-4279-95D2-04718F5E0185}
		{9A5EB582-A256-4035-816C-808912679C79} = {208F3BAD-81F5-4FDB-A0A1-41FF30001A4C}
		{53026A30-EA60-4696-BB46-54789185786E} = {64B61E05-CB3D-42FF-ADB8-767FB2D3A2A3}
		{4C432115-C299-4803-8810-94B8690B3C61} = {53026A30-EA60-4696-BB46-54789185786E}
		{DF0B5CED-14E3-4F2C-8BAB-1EC0EEB7C078} = {A57F383F-3564-434E-A174-EDB74E55ED67}
		{9428FBAB-CAE0-4C02-BA0B-C4A6611E2AF0} = {333C6444-07B8-4DC3-B4D3-01209EEE448F}
		{EFF3AC9A-8A91-45AF-BFAC-1CF5F1EF4528} = {220AD6A7-D2C0-44E7-A07F-65312F4ADA0B}
		{8551DC1F-5A52-4579-BAF5-76FABEFD33AB} = {333C6444-07B8-4DC3-B4D3-01209EEE448F}
		{5095A9A4-2114-41F5-91ED-F5C1A2FD22B6} = {333C6444-07B8-4DC3-B4D3-01209EEE448F}
		{A7F71E48-1BB4-4440-AB23-DE61ABFE7297} = {94AF8591-4D9E-448B-BC0A-52BA975397BC}
		{F8F9E025-8812-4B5F-B44D-053C7CFA1230} = {94AF8591-4D9E-448B-BC0A-52BA975397BC}
		{37A20B8B-7D10-4326-97F2-4B12E33FF88A} = {94AF8591-4D9E-448B-BC0A-52BA975397BC}
		{2D2BF417-12A7-4FBF-8E6D-5A51DACD1F5B} = {94AF8591-4D9E-448B-BC0A-52BA975397BC}
		{6CE3EAF5-109E-44EF-827D-34E625B11714} = {94AF8591-4D9E-448B-BC0A-52BA975397BC}
		{200A6B04-BBBC-4B2A-AAED-7292B3F6C1E8} = {94AF8591-4D9E-448B-BC0A-52BA975397BC}
		{81C202B2-CC9E-42DE-9A24-67FF3700FDB4} = {333C6444-07B8-4DC3-B4D3-01209EEE448F}
		{3516388E-65E4-4010-8E18-F66D3EC6A7AA} = {94AF8591-4D9E-448B-BC0A-52BA975397BC}
		{B5506FB1-8969-47F4-B9A1-BBDE648436CD} = {333C6444-07B8-4DC3-B4D3-01209EEE448F}
		{EEABEB95-D0F0-4367-9B0F-F0B499D642A6} = {94AF8591-4D9E-448B-BC0A-52BA975397BC}
		{9C99E6B4-826A-4D8D-A6C7-6A2D3DA151FB} = {333C6444-07B8-4DC3-B4D3-01209EEE448F}
		{E90A6763-7CB1-4A21-B200-34EC98B6D5C7} = {333C6444-07B8-4DC3-B4D3-01209EEE448F}
		{AC08A547-6D45-4625-99C7-F95B600E90B5} = {94AF8591-4D9E-448B-BC0A-52BA975397BC}
		{9BFB5F5F-4271-4CED-89EA-902E23DDC98F} = {220AD6A7-D2C0-44E7-A07F-65312F4ADA0B}
		{59C24A71-5B4F-4264-A6F8-572B47B812A7} = {333C6444-07B8-4DC3-B4D3-01209EEE448F}
		{65025328-7C67-4254-9AD3-3454DBB21151} = {59C24A71-5B4F-4264-A6F8-572B47B812A7}
		{969054A1-07FA-43D2-A4C2-CC229EECAC26} = {333C6444-07B8-4DC3-B4D3-01209EEE448F}
	EndGlobalSection
	GlobalSection(ExtensibilityGlobals) = postSolution
		SolutionGuid = {76B47B2A-64DE-4A08-9B05-5B5F2B1006BF}
	EndGlobalSection
EndGlobal
